// !$*UTF8*$!
{
	archiveVersion = 1;
	classes = {
	};
	objectVersion = 42;
	objects = {

/* Begin PBXBuildFile section */
		85125AF21920078F000E6004 /* DataBasinKit.framework in Frameworks */ = {isa = PBXBuildFile; fileRef = 85125AF11920078F000E6004 /* DataBasinKit.framework */; };
		85449DA6190C25DB0022D81E /* butt_green_16.tif in Resources */ = {isa = PBXBuildFile; fileRef = 85449DA4190C25DB0022D81E /* butt_green_16.tif */; };
		85449DA7190C25DB0022D81E /* butt_red_16.tif in Resources */ = {isa = PBXBuildFile; fileRef = 85449DA5190C25DB0022D81E /* butt_red_16.tif */; };
		8559BB59115B6B21002EA7DD /* README.txt in Resources */ = {isa = PBXBuildFile; fileRef = 8559BB58115B6B21002EA7DD /* README.txt */; };
		855ABD961645065900FB8900 /* ChangeLog in Resources */ = {isa = PBXBuildFile; fileRef = 855ABD951645065900FB8900 /* ChangeLog */; };
		856B61AC1642934F00966572 /* DBProgress.m in Sources */ = {isa = PBXBuildFile; fileRef = 856B61AA1642934F00966572 /* DBProgress.m */; };
		856CA1811AE796940078B1F9 /* stop_icon_15.tiff in Resources */ = {isa = PBXBuildFile; fileRef = 856CA1801AE796940078B1F9 /* stop_icon_15.tiff */; };
		858D8E6A0F1EA3BD00CC8F4A /* AppController.h in Resources */ = {isa = PBXBuildFile; fileRef = 858D8E640F1EA3BD00CC8F4A /* AppController.h */; };
		858D8E6B0F1EA3BD00CC8F4A /* AppController.m in Sources */ = {isa = PBXBuildFile; fileRef = 858D8E650F1EA3BD00CC8F4A /* AppController.m */; };
		8591FC3A1A1533BD00923420 /* DBTextFormatter.m in Sources */ = {isa = PBXBuildFile; fileRef = 8591FC391A1533BD00923420 /* DBTextFormatter.m */; };
		85A74F8E17419B41008D7E0B /* Preferences.m in Sources */ = {isa = PBXBuildFile; fileRef = 85A74F8D17419B41008D7E0B /* Preferences.m */; };
		85A74F9717419D47008D7E0B /* Preferences.nib in Resources */ = {isa = PBXBuildFile; fileRef = 85A74F9517419D47008D7E0B /* Preferences.nib */; };
		85D9E3AE15AB862C0021427F /* Log.nib in Resources */ = {isa = PBXBuildFile; fileRef = 85D9E3AC15AB862C0021427F /* Log.nib */; };
		85D9E3B215AB8B960021427F /* DBLogger.m in Sources */ = {isa = PBXBuildFile; fileRef = 85D9E3B115AB8B960021427F /* DBLogger.m */; };
		85F1998812B93B1D0009ED44 /* DBObjectInspector.m in Sources */ = {isa = PBXBuildFile; fileRef = 85F1998712B93B1D0009ED44 /* DBObjectInspector.m */; };
		85F1998D12B93C790009ED44 /* ObjectInspector.nib in Resources */ = {isa = PBXBuildFile; fileRef = 85F1998B12B93C790009ED44 /* ObjectInspector.nib */; };
		85F6CF080F223D8F00918601 /* WebServices.framework in Frameworks */ = {isa = PBXBuildFile; fileRef = 85F6CF070F223D8F00918601 /* WebServices.framework */; };
		8D11072A0486CEB800E47090 /* MainMenu.nib in Resources */ = {isa = PBXBuildFile; fileRef = 29B97318FDCFA39411CA2CEA /* MainMenu.nib */; };
		8D11072B0486CEB800E47090 /* InfoPlist.strings in Resources */ = {isa = PBXBuildFile; fileRef = 089C165CFE840E0CC02AAC07 /* InfoPlist.strings */; };
		8D11072D0486CEB800E47090 /* main.m in Sources */ = {isa = PBXBuildFile; fileRef = 29B97316FDCFA39411CA2CEA /* main.m */; settings = {ATTRIBUTES = (); }; };
		8D11072F0486CEB800E47090 /* Cocoa.framework in Frameworks */ = {isa = PBXBuildFile; fileRef = 1058C7A1FEA54F0111CA2CBB /* Cocoa.framework */; };
/* End PBXBuildFile section */

/* Begin PBXFileReference section */
		089C165DFE840E0CC02AAC07 /* English */ = {isa = PBXFileReference; fileEncoding = 10; lastKnownFileType = text.plist.strings; name = English; path = English.lproj/InfoPlist.strings; sourceTree = "<group>"; };
		1058C7A1FEA54F0111CA2CBB /* Cocoa.framework */ = {isa = PBXFileReference; lastKnownFileType = wrapper.framework; name = Cocoa.framework; path = /System/Library/Frameworks/Cocoa.framework; sourceTree = "<absolute>"; };
		29B97316FDCFA39411CA2CEA /* main.m */ = {isa = PBXFileReference; fileEncoding = 4; lastKnownFileType = sourcecode.c.objc; path = main.m; sourceTree = "<group>"; };
		29B97319FDCFA39411CA2CEA /* English */ = {isa = PBXFileReference; lastKnownFileType = wrapper.nib; name = English; path = English.lproj/MainMenu.nib; sourceTree = "<group>"; };
		29B97324FDCFA39411CA2CEA /* AppKit.framework */ = {isa = PBXFileReference; lastKnownFileType = wrapper.framework; name = AppKit.framework; path = /System/Library/Frameworks/AppKit.framework; sourceTree = "<absolute>"; };
		29B97325FDCFA39411CA2CEA /* Foundation.framework */ = {isa = PBXFileReference; lastKnownFileType = wrapper.framework; name = Foundation.framework; path = /System/Library/Frameworks/Foundation.framework; sourceTree = "<absolute>"; };
		85125AF11920078F000E6004 /* DataBasinKit.framework */ = {isa = PBXFileReference; lastKnownFileType = wrapper.framework; name = DataBasinKit.framework; path = /Library/Frameworks/DataBasinKit.framework; sourceTree = "<absolute>"; };
		85449DA4190C25DB0022D81E /* butt_green_16.tif */ = {isa = PBXFileReference; lastKnownFileType = image.tiff; name = butt_green_16.tif; path = Resources/butt_green_16.tif; sourceTree = "<group>"; };
		85449DA5190C25DB0022D81E /* butt_red_16.tif */ = {isa = PBXFileReference; lastKnownFileType = image.tiff; name = butt_red_16.tif; path = Resources/butt_red_16.tif; sourceTree = "<group>"; };
		8559BB58115B6B21002EA7DD /* README.txt */ = {isa = PBXFileReference; fileEncoding = 30; lastKnownFileType = text; path = README.txt; sourceTree = "<group>"; };
		855ABD951645065900FB8900 /* ChangeLog */ = {isa = PBXFileReference; fileEncoding = 30; lastKnownFileType = text; path = ChangeLog; sourceTree = "<group>"; };
		856B61A91642934F00966572 /* DBProgress.h */ = {isa = PBXFileReference; fileEncoding = 30; lastKnownFileType = sourcecode.c.h; path = DBProgress.h; sourceTree = "<group>"; };
		856B61AA1642934F00966572 /* DBProgress.m */ = {isa = PBXFileReference; fileEncoding = 30; lastKnownFileType = sourcecode.c.objc; path = DBProgress.m; sourceTree = "<group>"; };
		856CA1801AE796940078B1F9 /* stop_icon_15.tiff */ = {isa = PBXFileReference; lastKnownFileType = image.tiff; name = stop_icon_15.tiff; path = Resources/stop_icon_15.tiff; sourceTree = "<group>"; };
		858D8E640F1EA3BD00CC8F4A /* AppController.h */ = {isa = PBXFileReference; fileEncoding = 30; lastKnownFileType = sourcecode.c.h; path = AppController.h; sourceTree = "<group>"; };
		858D8E650F1EA3BD00CC8F4A /* AppController.m */ = {isa = PBXFileReference; fileEncoding = 30; lastKnownFileType = sourcecode.c.objc; path = AppController.m; sourceTree = "<group>"; };
		8591FC381A1533BD00923420 /* DBTextFormatter.h */ = {isa = PBXFileReference; fileEncoding = 4; lastKnownFileType = sourcecode.c.h; path = DBTextFormatter.h; sourceTree = "<group>"; };
		8591FC391A1533BD00923420 /* DBTextFormatter.m */ = {isa = PBXFileReference; fileEncoding = 4; lastKnownFileType = sourcecode.c.objc; path = DBTextFormatter.m; sourceTree = "<group>"; };
		85A74F8C17419B41008D7E0B /* Preferences.h */ = {isa = PBXFileReference; fileEncoding = 4; lastKnownFileType = sourcecode.c.h; path = Preferences.h; sourceTree = "<group>"; };
		85A74F8D17419B41008D7E0B /* Preferences.m */ = {isa = PBXFileReference; fileEncoding = 4; lastKnownFileType = sourcecode.c.objc; path = Preferences.m; sourceTree = "<group>"; };
		85A74F9617419D47008D7E0B /* English */ = {isa = PBXFileReference; lastKnownFileType = wrapper.nib; name = English; path = English.lproj/Preferences.nib; sourceTree = "<group>"; };
		85D9E3AD15AB862C0021427F /* English */ = {isa = PBXFileReference; lastKnownFileType = wrapper.nib; name = English; path = English.lproj/Log.nib; sourceTree = "<group>"; };
		85D9E3B015AB8B960021427F /* DBLogger.h */ = {isa = PBXFileReference; fileEncoding = 30; lastKnownFileType = sourcecode.c.h; path = DBLogger.h; sourceTree = "<group>"; };
		85D9E3B115AB8B960021427F /* DBLogger.m */ = {isa = PBXFileReference; fileEncoding = 30; lastKnownFileType = sourcecode.c.objc; path = DBLogger.m; sourceTree = "<group>"; };
		85F1998612B93B1D0009ED44 /* DBObjectInspector.h */ = {isa = PBXFileReference; fileEncoding = 4; lastKnownFileType = sourcecode.c.h; path = DBObjectInspector.h; sourceTree = "<group>"; };
		85F1998712B93B1D0009ED44 /* DBObjectInspector.m */ = {isa = PBXFileReference; fileEncoding = 4; lastKnownFileType = sourcecode.c.objc; path = DBObjectInspector.m; sourceTree = "<group>"; };
		85F1998C12B93C790009ED44 /* English */ = {isa = PBXFileReference; lastKnownFileType = wrapper.nib; name = English; path = English.lproj/ObjectInspector.nib; sourceTree = "<group>"; };
		85F6CF070F223D8F00918601 /* WebServices.framework */ = {isa = PBXFileReference; lastKnownFileType = wrapper.framework; name = WebServices.framework; path = /Library/Frameworks/WebServices.framework; sourceTree = "<absolute>"; };
		8D1107310486CEB800E47090 /* Info.plist */ = {isa = PBXFileReference; fileEncoding = 4; lastKnownFileType = text.plist; path = Info.plist; sourceTree = "<group>"; };
		8D1107320486CEB800E47090 /* DataBasin.app */ = {isa = PBXFileReference; explicitFileType = wrapper.application; includeInIndex = 0; path = DataBasin.app; sourceTree = BUILT_PRODUCTS_DIR; };
/* End PBXFileReference section */

/* Begin PBXFrameworksBuildPhase section */
		8D11072E0486CEB800E47090 /* Frameworks */ = {
			isa = PBXFrameworksBuildPhase;
			buildActionMask = 2147483647;
			files = (
				8D11072F0486CEB800E47090 /* Cocoa.framework in Frameworks */,
				85F6CF080F223D8F00918601 /* WebServices.framework in Frameworks */,
				85125AF21920078F000E6004 /* DataBasinKit.framework in Frameworks */,
			);
			runOnlyForDeploymentPostprocessing = 0;
		};
/* End PBXFrameworksBuildPhase section */

/* Begin PBXGroup section */
		080E96DDFE201D6D7F000001 /* Classes */ = {
			isa = PBXGroup;
			children = (
				8591FC381A1533BD00923420 /* DBTextFormatter.h */,
				8591FC391A1533BD00923420 /* DBTextFormatter.m */,
				856B61A91642934F00966572 /* DBProgress.h */,
				856B61AA1642934F00966572 /* DBProgress.m */,
				85D9E3B015AB8B960021427F /* DBLogger.h */,
				85D9E3B115AB8B960021427F /* DBLogger.m */,
				858D8E640F1EA3BD00CC8F4A /* AppController.h */,
				858D8E650F1EA3BD00CC8F4A /* AppController.m */,
				85F1998612B93B1D0009ED44 /* DBObjectInspector.h */,
				85F1998712B93B1D0009ED44 /* DBObjectInspector.m */,
				85A74F8C17419B41008D7E0B /* Preferences.h */,
				85A74F8D17419B41008D7E0B /* Preferences.m */,
			);
			name = Classes;
			sourceTree = "<group>";
		};
		1058C7A0FEA54F0111CA2CBB /* Linked Frameworks */ = {
			isa = PBXGroup;
			children = (
				1058C7A1FEA54F0111CA2CBB /* Cocoa.framework */,
			);
			name = "Linked Frameworks";
			sourceTree = "<group>";
		};
		1058C7A2FEA54F0111CA2CBB /* Other Frameworks */ = {
			isa = PBXGroup;
			children = (
				85125AF11920078F000E6004 /* DataBasinKit.framework */,
				85F6CF070F223D8F00918601 /* WebServices.framework */,
				29B97325FDCFA39411CA2CEA /* Foundation.framework */,
				29B97324FDCFA39411CA2CEA /* AppKit.framework */,
			);
			name = "Other Frameworks";
			sourceTree = "<group>";
		};
		19C28FACFE9D520D11CA2CBB /* Products */ = {
			isa = PBXGroup;
			children = (
				8D1107320486CEB800E47090 /* DataBasin.app */,
			);
			name = Products;
			sourceTree = "<group>";
		};
		29B97314FDCFA39411CA2CEA /* DataBasin */ = {
			isa = PBXGroup;
			children = (
				080E96DDFE201D6D7F000001 /* Classes */,
				29B97315FDCFA39411CA2CEA /* Other Sources */,
				29B97317FDCFA39411CA2CEA /* Resources */,
				29B97323FDCFA39411CA2CEA /* Frameworks */,
				19C28FACFE9D520D11CA2CBB /* Products */,
			);
			name = DataBasin;
			sourceTree = "<group>";
		};
		29B97315FDCFA39411CA2CEA /* Other Sources */ = {
			isa = PBXGroup;
			children = (
				29B97316FDCFA39411CA2CEA /* main.m */,
			);
			name = "Other Sources";
			sourceTree = "<group>";
		};
		29B97317FDCFA39411CA2CEA /* Resources */ = {
			isa = PBXGroup;
			children = (
				856CA1801AE796940078B1F9 /* stop_icon_15.tiff */,
				85449DA4190C25DB0022D81E /* butt_green_16.tif */,
				85449DA5190C25DB0022D81E /* butt_red_16.tif */,
				855ABD951645065900FB8900 /* ChangeLog */,
				8D1107310486CEB800E47090 /* Info.plist */,
				089C165CFE840E0CC02AAC07 /* InfoPlist.strings */,
				29B97318FDCFA39411CA2CEA /* MainMenu.nib */,
				8559BB58115B6B21002EA7DD /* README.txt */,
				85F1998B12B93C790009ED44 /* ObjectInspector.nib */,
				85D9E3AC15AB862C0021427F /* Log.nib */,
				85A74F9517419D47008D7E0B /* Preferences.nib */,
			);
			name = Resources;
			sourceTree = "<group>";
		};
		29B97323FDCFA39411CA2CEA /* Frameworks */ = {
			isa = PBXGroup;
			children = (
				1058C7A0FEA54F0111CA2CBB /* Linked Frameworks */,
				1058C7A2FEA54F0111CA2CBB /* Other Frameworks */,
			);
			name = Frameworks;
			sourceTree = "<group>";
		};
/* End PBXGroup section */

/* Begin PBXNativeTarget section */
		8D1107260486CEB800E47090 /* DataBasin */ = {
			isa = PBXNativeTarget;
			buildConfigurationList = 85D238C510B151E300F63353 /* Build configuration list for PBXNativeTarget "DataBasin" */;
			buildPhases = (
				8D1107290486CEB800E47090 /* Resources */,
				8D11072C0486CEB800E47090 /* Sources */,
				8D11072E0486CEB800E47090 /* Frameworks */,
			);
			buildRules = (
			);
			dependencies = (
			);
			name = DataBasin;
			productInstallPath = "$(HOME)/Applications";
			productName = DataBasin;
			productReference = 8D1107320486CEB800E47090 /* DataBasin.app */;
			productType = "com.apple.product-type.application";
		};
/* End PBXNativeTarget section */

/* Begin PBXProject section */
		29B97313FDCFA39411CA2CEA /* Project object */ = {
			isa = PBXProject;
			buildConfigurationList = 85D238C910B151E300F63353 /* Build configuration list for PBXProject "DataBasin" */;
			compatibilityVersion = "Xcode 2.4";
			hasScannedForEncodings = 1;
			knownRegions = (
				English,
				Japanese,
				French,
				German,
			);
			mainGroup = 29B97314FDCFA39411CA2CEA /* DataBasin */;
			projectDirPath = "";
			projectRoot = "";
			targets = (
				8D1107260486CEB800E47090 /* DataBasin */,
			);
		};
/* End PBXProject section */

/* Begin PBXResourcesBuildPhase section */
		8D1107290486CEB800E47090 /* Resources */ = {
			isa = PBXResourcesBuildPhase;
			buildActionMask = 2147483647;
			files = (
				8D11072A0486CEB800E47090 /* MainMenu.nib in Resources */,
				8D11072B0486CEB800E47090 /* InfoPlist.strings in Resources */,
				858D8E6A0F1EA3BD00CC8F4A /* AppController.h in Resources */,
				8559BB59115B6B21002EA7DD /* README.txt in Resources */,
				85F1998D12B93C790009ED44 /* ObjectInspector.nib in Resources */,
				85D9E3AE15AB862C0021427F /* Log.nib in Resources */,
				855ABD961645065900FB8900 /* ChangeLog in Resources */,
				85A74F9717419D47008D7E0B /* Preferences.nib in Resources */,
				85449DA6190C25DB0022D81E /* butt_green_16.tif in Resources */,
				85449DA7190C25DB0022D81E /* butt_red_16.tif in Resources */,
				856CA1811AE796940078B1F9 /* stop_icon_15.tiff in Resources */,
			);
			runOnlyForDeploymentPostprocessing = 0;
		};
/* End PBXResourcesBuildPhase section */

/* Begin PBXSourcesBuildPhase section */
		8D11072C0486CEB800E47090 /* Sources */ = {
			isa = PBXSourcesBuildPhase;
			buildActionMask = 2147483647;
			files = (
				8D11072D0486CEB800E47090 /* main.m in Sources */,
				858D8E6B0F1EA3BD00CC8F4A /* AppController.m in Sources */,
				85F1998812B93B1D0009ED44 /* DBObjectInspector.m in Sources */,
				85D9E3B215AB8B960021427F /* DBLogger.m in Sources */,
				856B61AC1642934F00966572 /* DBProgress.m in Sources */,
				85A74F8E17419B41008D7E0B /* Preferences.m in Sources */,
				8591FC3A1A1533BD00923420 /* DBTextFormatter.m in Sources */,
			);
			runOnlyForDeploymentPostprocessing = 0;
		};
/* End PBXSourcesBuildPhase section */

/* Begin PBXVariantGroup section */
		089C165CFE840E0CC02AAC07 /* InfoPlist.strings */ = {
			isa = PBXVariantGroup;
			children = (
				089C165DFE840E0CC02AAC07 /* English */,
			);
			name = InfoPlist.strings;
			sourceTree = "<group>";
		};
		29B97318FDCFA39411CA2CEA /* MainMenu.nib */ = {
			isa = PBXVariantGroup;
			children = (
				29B97319FDCFA39411CA2CEA /* English */,
			);
			name = MainMenu.nib;
			sourceTree = "<group>";
		};
		85A74F9517419D47008D7E0B /* Preferences.nib */ = {
			isa = PBXVariantGroup;
			children = (
				85A74F9617419D47008D7E0B /* English */,
			);
			name = Preferences.nib;
			sourceTree = "<group>";
		};
		85D9E3AC15AB862C0021427F /* Log.nib */ = {
			isa = PBXVariantGroup;
			children = (
				85D9E3AD15AB862C0021427F /* English */,
			);
			name = Log.nib;
			sourceTree = "<group>";
		};
		85F1998B12B93C790009ED44 /* ObjectInspector.nib */ = {
			isa = PBXVariantGroup;
			children = (
				85F1998C12B93C790009ED44 /* English */,
			);
			name = ObjectInspector.nib;
			sourceTree = "<group>";
		};
/* End PBXVariantGroup section */

/* Begin XCBuildConfiguration section */
		85D238C610B151E300F63353 /* Development */ = {
			isa = XCBuildConfiguration;
			buildSettings = {
				COPY_PHASE_STRIP = NO;
				GCC_DYNAMIC_NO_PIC = NO;
				GCC_ENABLE_CPP_EXCEPTIONS = NO;
				GCC_ENABLE_CPP_RTTI = NO;
				GCC_ENABLE_FIX_AND_CONTINUE = YES;
				GCC_GENERATE_DEBUGGING_SYMBOLS = YES;
				GCC_MODEL_TUNING = G3;
				GCC_OPTIMIZATION_LEVEL = 0;
				GCC_PRECOMPILE_PREFIX_HEADER = NO;
				GCC_PREFIX_HEADER = "";
				INFOPLIST_FILE = Info.plist;
				INSTALL_PATH = "$(HOME)/Applications";
				PRODUCT_NAME = DataBasin;
				RUN_CLANG_STATIC_ANALYZER = YES;
				WRAPPER_EXTENSION = app;
			};
			name = Development;
		};
		85D238C710B151E300F63353 /* Deployment */ = {
			isa = XCBuildConfiguration;
			buildSettings = {
				COPY_PHASE_STRIP = YES;
				GCC_ENABLE_CPP_EXCEPTIONS = NO;
				GCC_ENABLE_CPP_RTTI = NO;
				GCC_ENABLE_FIX_AND_CONTINUE = NO;
				GCC_GENERATE_DEBUGGING_SYMBOLS = NO;
				GCC_MODEL_TUNING = G3;
				GCC_PRECOMPILE_PREFIX_HEADER = NO;
				GCC_PREFIX_HEADER = "";
				INFOPLIST_FILE = Info.plist;
				INSTALL_PATH = "$(HOME)/Applications";
				PRODUCT_NAME = DataBasin;
				WRAPPER_EXTENSION = app;
			};
			name = Deployment;
		};
		85D238C810B151E300F63353 /* Default */ = {
			isa = XCBuildConfiguration;
			buildSettings = {
				GCC_ENABLE_CPP_EXCEPTIONS = NO;
				GCC_ENABLE_CPP_RTTI = NO;
				GCC_GENERATE_DEBUGGING_SYMBOLS = NO;
				GCC_MODEL_TUNING = G3;
				GCC_PRECOMPILE_PREFIX_HEADER = NO;
				GCC_PREFIX_HEADER = "";
				INFOPLIST_FILE = Info.plist;
				INSTALL_PATH = "$(HOME)/Applications";
				PRODUCT_NAME = DataBasin;
				WRAPPER_EXTENSION = app;
			};
			name = Default;
		};
		85D238CA10B151E300F63353 /* Development */ = {
			isa = XCBuildConfiguration;
			buildSettings = {
				ARCHS = "$(NATIVE_ARCH_ACTUAL)";
				SDKROOT = /Developer/SDKs/MacOSX10.5.sdk;
				SYMROOT = "$(PROJECT_DIR)/build";
			};
			name = Development;
		};
		85D238CB10B151E300F63353 /* Deployment */ = {
			isa = XCBuildConfiguration;
			buildSettings = {
				ARCHS = "$(ARCHS_STANDARD_32_64_BIT_PRE_XCODE_3_1)";
				ARCHS_STANDARD_32_64_BIT_PRE_XCODE_3_1 = "x86_64 i386 ppc";
				SDKROOT = /Developer/SDKs/MacOSX10.5.sdk;
			};
			name = Deployment;
		};
		85D238CC10B151E300F63353 /* Default */ = {
			isa = XCBuildConfiguration;
			buildSettings = {
			};
			name = Default;
		};
/* End XCBuildConfiguration section */

/* Begin XCConfigurationList section */
		85D238C510B151E300F63353 /* Build configuration list for PBXNativeTarget "DataBasin" */ = {
			isa = XCConfigurationList;
			buildConfigurations = (
				85D238C610B151E300F63353 /* Development */,
				85D238C710B151E300F63353 /* Deployment */,
				85D238C810B151E300F63353 /* Default */,
			);
			defaultConfigurationIsVisible = 0;
			defaultConfigurationName = Default;
		};
		85D238C910B151E300F63353 /* Build configuration list for PBXProject "DataBasin" */ = {
			isa = XCConfigurationList;
			buildConfigurations = (
				85D238CA10B151E300F63353 /* Development */,
				85D238CB10B151E300F63353 /* Deployment */,
				85D238CC10B151E300F63353 /* Default */,
			);
			defaultConfigurationIsVisible = 0;
			defaultConfigurationName = Default;
		};
/* End XCConfigurationList section */
	};
	rootObject = 29B97313FDCFA39411CA2CEA /* Project object */;
}
