// !$*UTF8*$!
{
	archiveVersion = 1;
	classes = {
	};
	objectVersion = 39;
	objects = {
		8591C2840FE027E3000E1566 = {
			children = (
				8591C4DF0FE04FCC000E1566,
				8591C2C80FE028C1000E1566,
				8591C2C70FE02899000E1566,
				8591C2AE0FE0288B000E1566,
				8591C2910FE02801000E1566,
				8591C2930FE02802000E1566,
				8591C2D50FE029E8000E1566,
			);
			isa = PBXGroup;
			refType = 4;
			sourceTree = "<group>";
		};
		8591C2860FE027E3000E1566 = {
			buildSettings = {
				COPY_PHASE_STRIP = NO;
			};
			isa = PBXBuildStyle;
			name = Development;
		};
		8591C2870FE027E3000E1566 = {
			buildSettings = {
				COPY_PHASE_STRIP = YES;
			};
			isa = PBXBuildStyle;
			name = Deployment;
		};
		8591C2880FE027E3000E1566 = {
			buildSettings = {
			};
			buildStyles = (
				8591C2860FE027E3000E1566,
				8591C2870FE027E3000E1566,
			);
			hasScannedForEncodings = 0;
			isa = PBXProject;
			mainGroup = 8591C2840FE027E3000E1566;
			productRefGroup = 8591C2910FE02801000E1566;
			projectDirPath = "";
			targets = (
				8591C28F0FE02801000E1566,
			);
		};
		8591C28C0FE02801000E1566 = {
			buildActionMask = 2147483647;
			files = (
				8591C2A30FE02882000E1566,
				8591C2A70FE02882000E1566,
				8591C2AA0FE02882000E1566,
				8591C2AC0FE02882000E1566,
				8591C2D60FE029E8000E1566,
				8591C3240FE04CC6000E1566,
				8591C3250FE04CC6000E1566,
				8591C3260FE04CC6000E1566,
				8591C3270FE04CC6000E1566,
				8591C3280FE04CC6000E1566,
				8591C3290FE04CC6000E1566,
				8591C32A0FE04CC6000E1566,
				8591C32B0FE04CC6000E1566,
				8591C32C0FE04CC6000E1566,
				8591C32D0FE04CC6000E1566,
				8591C32E0FE04CC6000E1566,
				8591C32F0FE04CC6000E1566,
				8591C3300FE04CC6000E1566,
				8591C3310FE04CC6000E1566,
				8591C3320FE04CC6000E1566,
				8591C3330FE04CC6000E1566,
				8591C3340FE04CC6000E1566,
				8591C3350FE04CC6000E1566,
				8591C3360FE04CC6000E1566,
				8591C3370FE04CC6000E1566,
				8591C3380FE04CC6000E1566,
				8591C3390FE04CC6000E1566,
				8591C33A0FE04CC6000E1566,
				8591C33B0FE04CC6000E1566,
				8591C33C0FE04CC6000E1566,
				8591C33D0FE04CC6000E1566,
				8591C33E0FE04CC6000E1566,
				8591C33F0FE04CC6000E1566,
				8591C3400FE04CC6000E1566,
				8591C3410FE04CC6000E1566,
				8591C3420FE04CC6000E1566,
				8591C3430FE04CC6000E1566,
				8591C3440FE04CC6000E1566,
				8591C3450FE04CC6000E1566,
				8591C3460FE04CC6000E1566,
				8591C3470FE04CC6000E1566,
				8591C3480FE04CC6000E1566,
				8591C3490FE04CC6000E1566,
				8591C34A0FE04CC6000E1566,
				8591C34B0FE04CC6000E1566,
				8591C34C0FE04CC6000E1566,
				8591C34D0FE04CC6000E1566,
				8591C34E0FE04CC6000E1566,
				8591C34F0FE04CC6000E1566,
				8591C3500FE04CC6000E1566,
				8591C3510FE04CC6000E1566,
				8591C3520FE04CC6000E1566,
				8591C3530FE04CC6000E1566,
				8591C3540FE04CC6000E1566,
				8591C3550FE04CC6000E1566,
				8591C3560FE04CC6000E1566,
				8591C3570FE04CC6000E1566,
				8591C3580FE04CC6000E1566,
				8591C3590FE04CC6000E1566,
				8591C35A0FE04CC6000E1566,
				8591C35B0FE04CC6000E1566,
				8591C35C0FE04CC6000E1566,
				8591C35D0FE04CC6000E1566,
				8591C35E0FE04CC6000E1566,
				8591C35F0FE04CC6000E1566,
				8591C3600FE04CC6000E1566,
				8591C3610FE04CC6000E1566,
				8591C3620FE04CC6000E1566,
				8591C3630FE04CC6000E1566,
				8591C3640FE04CC6000E1566,
				8591C3650FE04CC6000E1566,
				8591C3660FE04CC6000E1566,
				8591C3670FE04CC6000E1566,
				8591C3680FE04CC6000E1566,
				8591C3690FE04CC6000E1566,
				8591C36A0FE04CC6000E1566,
				8591C36B0FE04CC6000E1566,
				8591C36C0FE04CC6000E1566,
				8591C36D0FE04CC6000E1566,
				8591C3790FE04E99000E1566,
				8591C85C0FE07300000E1566,
			);
			isa = PBXResourcesBuildPhase;
			runOnlyForDeploymentPostprocessing = 0;
		};
		8591C28D0FE02801000E1566 = {
			buildActionMask = 2147483647;
			files = (
				8591C2A40FE02882000E1566,
				8591C2A80FE02882000E1566,
				8591C2A90FE02882000E1566,
				8591C2AB0FE02882000E1566,
				8591C2AD0FE02882000E1566,
			);
			isa = PBXSourcesBuildPhase;
			runOnlyForDeploymentPostprocessing = 0;
		};
		8591C28E0FE02801000E1566 = {
			buildActionMask = 2147483647;
			files = (
				8591C3D90FE04FAD000E1566,
				8591C3DB0FE04FBC000E1566,
			);
			isa = PBXFrameworksBuildPhase;
			runOnlyForDeploymentPostprocessing = 0;
		};
		8591C28F0FE02801000E1566 = {
			buildPhases = (
				8591C28C0FE02801000E1566,
				8591C28D0FE02801000E1566,
				8591C28E0FE02801000E1566,
			);
			buildRules = (
			);
			buildSettings = {
				GCC_ENABLE_CPP_EXCEPTIONS = NO;
				GCC_ENABLE_CPP_RTTI = NO;
				GCC_MODEL_TUNING = G3;
				GCC_PRECOMPILE_PREFIX_HEADER = YES;
				GCC_PREFIX_HEADER = "$(SYSTEM_LIBRARY_DIR)/Frameworks/AppKit.framework/Headers/AppKit.h";
				INFOPLIST_FILE = "GShisen-Info.plist";
				INSTALL_PATH = "$(USER_APPS_DIR)";
				OTHER_CFLAGS = "";
				OTHER_LDFLAGS = "-framework Foundation -framework AppKit";
				OTHER_REZFLAGS = "";
				PRODUCT_NAME = GShisen;
				SECTORDER_FLAGS = "";
				WARNING_CFLAGS = "-Wmost -Wno-four-char-constants -Wno-unknown-pragmas";
			};
			dependencies = (
			);
			isa = PBXNativeTarget;
			name = GShisen;
			productName = GShisen;
			productReference = 8591C2900FE02801000E1566;
			productSettingsXML = "<?xml version=\"1.0\" encoding=\"UTF-8\"?>
<!DOCTYPE plist PUBLIC \"-//Apple Computer//DTD PLIST 1.0//EN\" \"http://www.apple.com/DTDs/PropertyList-1.0.dtd\">
<plist version=\"1.0\">
<dict>
	<key>CFBundleDevelopmentRegion</key>
	<string>English</string>
	<key>CFBundleExecutable</key>
	<string>GShisen</string>
	<key>CFBundleIdentifier</key>
	<string>com.yourcompany.GShisen</string>
	<key>CFBundleInfoDictionaryVersion</key>
	<string>6.0</string>
	<key>CFBundlePackageType</key>
	<string>APPL</string>
	<key>CFBundleSignature</key>
	<string>????</string>
	<key>CFBundleVersion</key>
	<string>1.0</string>
	<key>NSMainNibFile</key>
	<string>MainMenu</string>
	<key>NSPrincipalClass</key>
	<string>NSApplication</string>
</dict>
</plist>
";
			productType = "com.apple.product-type.application";
		};
		8591C2900FE02801000E1566 = {
			explicitFileType = wrapper.application;
			includeInIndex = 0;
			isa = PBXFileReference;
			path = GShisen.app;
			refType = 3;
			sourceTree = BUILT_PRODUCTS_DIR;
		};
		8591C2910FE02801000E1566 = {
			children = (
				8591C2900FE02801000E1566,
			);
			isa = PBXGroup;
			name = Products;
			refType = 4;
			sourceTree = "<group>";
		};
		8591C2930FE02802000E1566 = {
			isa = PBXFileReference;
			lastKnownFileType = text.xml;
			name = "GShisen-Info.plist";
			path = "/Users/multix/Documents/code/gap/user-apps/Games/GShisen/GShisen-Info.plist";
			refType = 0;
			sourceTree = "<absolute>";
		};
		8591C2980FE02882000E1566 = {
			fileEncoding = 30;
			isa = PBXFileReference;
			lastKnownFileType = sourcecode.c.h;
			path = board.h;
			refType = 4;
			sourceTree = "<group>";
		};
		8591C2990FE02882000E1566 = {
			fileEncoding = 30;
			isa = PBXFileReference;
			lastKnownFileType = sourcecode.c.objc;
			path = board.m;
			refType = 4;
			sourceTree = "<group>";
		};
		8591C29C0FE02882000E1566 = {
			fileEncoding = 30;
			isa = PBXFileReference;
			lastKnownFileType = sourcecode.c.h;
			path = gshisen.h;
			refType = 4;
			sourceTree = "<group>";
		};
		8591C29D0FE02882000E1566 = {
			fileEncoding = 30;
			isa = PBXFileReference;
			lastKnownFileType = sourcecode.c.objc;
			path = gshisen.m;
			refType = 4;
			sourceTree = "<group>";
		};
		8591C29E0FE02882000E1566 = {
			fileEncoding = 30;
			isa = PBXFileReference;
			lastKnownFileType = sourcecode.c.objc;
			path = main.m;
			refType = 4;
			sourceTree = "<group>";
		};
		8591C29F0FE02882000E1566 = {
			fileEncoding = 30;
			isa = PBXFileReference;
			lastKnownFileType = sourcecode.c.h;
			path = tile.h;
			refType = 4;
			sourceTree = "<group>";
		};
		8591C2A00FE02882000E1566 = {
			fileEncoding = 30;
			isa = PBXFileReference;
			lastKnownFileType = sourcecode.c.objc;
			path = tile.m;
			refType = 4;
			sourceTree = "<group>";
		};
		8591C2A10FE02882000E1566 = {
			fileEncoding = 30;
			isa = PBXFileReference;
			lastKnownFileType = sourcecode.c.h;
			path = tilepair.h;
			refType = 4;
			sourceTree = "<group>";
		};
		8591C2A20FE02882000E1566 = {
			fileEncoding = 30;
			isa = PBXFileReference;
			lastKnownFileType = sourcecode.c.objc;
			path = tilepair.m;
			refType = 4;
			sourceTree = "<group>";
		};
		8591C2A30FE02882000E1566 = {
			fileRef = 8591C2980FE02882000E1566;
			isa = PBXBuildFile;
			settings = {
			};
		};
		8591C2A40FE02882000E1566 = {
			fileRef = 8591C2990FE02882000E1566;
			isa = PBXBuildFile;
			settings = {
			};
		};
		8591C2A70FE02882000E1566 = {
			fileRef = 8591C29C0FE02882000E1566;
			isa = PBXBuildFile;
			settings = {
			};
		};
		8591C2A80FE02882000E1566 = {
			fileRef = 8591C29D0FE02882000E1566;
			isa = PBXBuildFile;
			settings = {
			};
		};
		8591C2A90FE02882000E1566 = {
			fileRef = 8591C29E0FE02882000E1566;
			isa = PBXBuildFile;
			settings = {
			};
		};
		8591C2AA0FE02882000E1566 = {
			fileRef = 8591C29F0FE02882000E1566;
			isa = PBXBuildFile;
			settings = {
			};
		};
		8591C2AB0FE02882000E1566 = {
			fileRef = 8591C2A00FE02882000E1566;
			isa = PBXBuildFile;
			settings = {
			};
		};
		8591C2AC0FE02882000E1566 = {
			fileRef = 8591C2A10FE02882000E1566;
			isa = PBXBuildFile;
			settings = {
			};
		};
		8591C2AD0FE02882000E1566 = {
			fileRef = 8591C2A20FE02882000E1566;
			isa = PBXBuildFile;
			settings = {
			};
		};
		8591C2AE0FE0288B000E1566 = {
			children = (
				8591C2980FE02882000E1566,
				8591C2990FE02882000E1566,
				8591C29C0FE02882000E1566,
				8591C29D0FE02882000E1566,
				8591C29F0FE02882000E1566,
				8591C2A00FE02882000E1566,
				8591C2A10FE02882000E1566,
				8591C2A20FE02882000E1566,
			);
			isa = PBXGroup;
			name = Classes;
			refType = 4;
			sourceTree = "<group>";
		};
		8591C2C70FE02899000E1566 = {
			children = (
				8591C29E0FE02882000E1566,
			);
			isa = PBXGroup;
			name = "Other Sources";
			refType = 4;
			sourceTree = "<group>";
		};
		8591C2C80FE028C1000E1566 = {
			children = (
				8591C85B0FE07300000E1566,
				8591C3780FE04E99000E1566,
				8591C2DA0FE04CC6000E1566,
				8591C2DB0FE04CC6000E1566,
				8591C2DC0FE04CC6000E1566,
				8591C2DD0FE04CC6000E1566,
				8591C2DE0FE04CC6000E1566,
				8591C2DF0FE04CC6000E1566,
				8591C2E00FE04CC6000E1566,
				8591C2E10FE04CC6000E1566,
				8591C2E20FE04CC6000E1566,
				8591C2E30FE04CC6000E1566,
				8591C2E40FE04CC6000E1566,
				8591C2E50FE04CC6000E1566,
				8591C2E60FE04CC6000E1566,
				8591C2E70FE04CC6000E1566,
				8591C2E80FE04CC6000E1566,
				8591C2E90FE04CC6000E1566,
				8591C2EA0FE04CC6000E1566,
				8591C2EB0FE04CC6000E1566,
				8591C2EC0FE04CC6000E1566,
				8591C2ED0FE04CC6000E1566,
				8591C2EE0FE04CC6000E1566,
				8591C2EF0FE04CC6000E1566,
				8591C2F00FE04CC6000E1566,
				8591C2F10FE04CC6000E1566,
				8591C2F20FE04CC6000E1566,
				8591C2F30FE04CC6000E1566,
				8591C2F40FE04CC6000E1566,
				8591C2F50FE04CC6000E1566,
				8591C2F60FE04CC6000E1566,
				8591C2F70FE04CC6000E1566,
				8591C2F80FE04CC6000E1566,
				8591C2F90FE04CC6000E1566,
				8591C2FA0FE04CC6000E1566,
				8591C2FB0FE04CC6000E1566,
				8591C2FC0FE04CC6000E1566,
				8591C2FD0FE04CC6000E1566,
				8591C2FE0FE04CC6000E1566,
				8591C2FF0FE04CC6000E1566,
				8591C3000FE04CC6000E1566,
				8591C3010FE04CC6000E1566,
				8591C3020FE04CC6000E1566,
				8591C3030FE04CC6000E1566,
				8591C3040FE04CC6000E1566,
				8591C3050FE04CC6000E1566,
				8591C3060FE04CC6000E1566,
				8591C3070FE04CC6000E1566,
				8591C3080FE04CC6000E1566,
				8591C3090FE04CC6000E1566,
				8591C30A0FE04CC6000E1566,
				8591C30B0FE04CC6000E1566,
				8591C30C0FE04CC6000E1566,
				8591C30D0FE04CC6000E1566,
				8591C30E0FE04CC6000E1566,
				8591C30F0FE04CC6000E1566,
				8591C3100FE04CC6000E1566,
				8591C3110FE04CC6000E1566,
				8591C3120FE04CC6000E1566,
				8591C3130FE04CC6000E1566,
				8591C3140FE04CC6000E1566,
				8591C3150FE04CC6000E1566,
				8591C3160FE04CC6000E1566,
				8591C3170FE04CC6000E1566,
				8591C3180FE04CC6000E1566,
				8591C3190FE04CC6000E1566,
				8591C31A0FE04CC6000E1566,
				8591C31B0FE04CC6000E1566,
				8591C31C0FE04CC6000E1566,
				8591C31D0FE04CC6000E1566,
				8591C31E0FE04CC6000E1566,
				8591C31F0FE04CC6000E1566,
				8591C3200FE04CC6000E1566,
				8591C3210FE04CC6000E1566,
				8591C3220FE04CC6000E1566,
				8591C3230FE04CC6000E1566,
			);
			isa = PBXGroup;
			name = Resources;
			refType = 4;
			sourceTree = "<group>";
		};
		8591C2D50FE029E8000E1566 = {
			isa = PBXFileReference;
			lastKnownFileType = wrapper.nib;
			name = GShisen.nib;
			path = Resources/GShisen.nib;
			refType = 4;
			sourceTree = "<group>";
		};
		8591C2D60FE029E8000E1566 = {
			fileRef = 8591C2D50FE029E8000E1566;
			isa = PBXBuildFile;
			settings = {
			};
		};
		8591C2DA0FE04CC6000E1566 = {
			isa = PBXFileReference;
			lastKnownFileType = image.tiff;
			name = "1-1-h.tiff";
			path = "Resources/1-1-h.tiff";
			refType = 4;
			sourceTree = "<group>";
		};
		8591C2DB0FE04CC6000E1566 = {
			isa = PBXFileReference;
			lastKnownFileType = image.tiff;
			name = "1-1.tiff";
			path = "Resources/1-1.tiff";
			refType = 4;
			sourceTree = "<group>";
		};
		8591C2DC0FE04CC6000E1566 = {
			isa = PBXFileReference;
			lastKnownFileType = image.tiff;
			name = "1-2-h.tiff";
			path = "Resources/1-2-h.tiff";
			refType = 4;
			sourceTree = "<group>";
		};
		8591C2DD0FE04CC6000E1566 = {
			isa = PBXFileReference;
			lastKnownFileType = image.tiff;
			name = "1-2.tiff";
			path = "Resources/1-2.tiff";
			refType = 4;
			sourceTree = "<group>";
		};
		8591C2DE0FE04CC6000E1566 = {
			isa = PBXFileReference;
			lastKnownFileType = image.tiff;
			name = "1-3-h.tiff";
			path = "Resources/1-3-h.tiff";
			refType = 4;
			sourceTree = "<group>";
		};
		8591C2DF0FE04CC6000E1566 = {
			isa = PBXFileReference;
			lastKnownFileType = image.tiff;
			name = "1-3.tiff";
			path = "Resources/1-3.tiff";
			refType = 4;
			sourceTree = "<group>";
		};
		8591C2E00FE04CC6000E1566 = {
			isa = PBXFileReference;
			lastKnownFileType = image.tiff;
			name = "1-4-h.tiff";
			path = "Resources/1-4-h.tiff";
			refType = 4;
			sourceTree = "<group>";
		};
		8591C2E10FE04CC6000E1566 = {
			isa = PBXFileReference;
			lastKnownFileType = image.tiff;
			name = "1-4.tiff";
			path = "Resources/1-4.tiff";
			refType = 4;
			sourceTree = "<group>";
		};
		8591C2E20FE04CC6000E1566 = {
			isa = PBXFileReference;
			lastKnownFileType = image.tiff;
			name = "2-1-h.tiff";
			path = "Resources/2-1-h.tiff";
			refType = 4;
			sourceTree = "<group>";
		};
		8591C2E30FE04CC6000E1566 = {
			isa = PBXFileReference;
			lastKnownFileType = image.tiff;
			name = "2-1.tiff";
			path = "Resources/2-1.tiff";
			refType = 4;
			sourceTree = "<group>";
		};
		8591C2E40FE04CC6000E1566 = {
			isa = PBXFileReference;
			lastKnownFileType = image.tiff;
			name = "2-2-h.tiff";
			path = "Resources/2-2-h.tiff";
			refType = 4;
			sourceTree = "<group>";
		};
		8591C2E50FE04CC6000E1566 = {
			isa = PBXFileReference;
			lastKnownFileType = image.tiff;
			name = "2-2.tiff";
			path = "Resources/2-2.tiff";
			refType = 4;
			sourceTree = "<group>";
		};
		8591C2E60FE04CC6000E1566 = {
			isa = PBXFileReference;
			lastKnownFileType = image.tiff;
			name = "2-3-h.tiff";
			path = "Resources/2-3-h.tiff";
			refType = 4;
			sourceTree = "<group>";
		};
		8591C2E70FE04CC6000E1566 = {
			isa = PBXFileReference;
			lastKnownFileType = image.tiff;
			name = "2-3.tiff";
			path = "Resources/2-3.tiff";
			refType = 4;
			sourceTree = "<group>";
		};
		8591C2E80FE04CC6000E1566 = {
			isa = PBXFileReference;
			lastKnownFileType = image.tiff;
			name = "2-4-h.tiff";
			path = "Resources/2-4-h.tiff";
			refType = 4;
			sourceTree = "<group>";
		};
		8591C2E90FE04CC6000E1566 = {
			isa = PBXFileReference;
			lastKnownFileType = image.tiff;
			name = "2-4.tiff";
			path = "Resources/2-4.tiff";
			refType = 4;
			sourceTree = "<group>";
		};
		8591C2EA0FE04CC6000E1566 = {
			isa = PBXFileReference;
			lastKnownFileType = image.tiff;
			name = "3-1-h.tiff";
			path = "Resources/3-1-h.tiff";
			refType = 4;
			sourceTree = "<group>";
		};
		8591C2EB0FE04CC6000E1566 = {
			isa = PBXFileReference;
			lastKnownFileType = image.tiff;
			name = "3-1.tiff";
			path = "Resources/3-1.tiff";
			refType = 4;
			sourceTree = "<group>";
		};
		8591C2EC0FE04CC6000E1566 = {
			isa = PBXFileReference;
			lastKnownFileType = image.tiff;
			name = "3-2-h.tiff";
			path = "Resources/3-2-h.tiff";
			refType = 4;
			sourceTree = "<group>";
		};
		8591C2ED0FE04CC6000E1566 = {
			isa = PBXFileReference;
			lastKnownFileType = image.tiff;
			name = "3-2.tiff";
			path = "Resources/3-2.tiff";
			refType = 4;
			sourceTree = "<group>";
		};
		8591C2EE0FE04CC6000E1566 = {
			isa = PBXFileReference;
			lastKnownFileType = image.tiff;
			name = "3-3-h.tiff";
			path = "Resources/3-3-h.tiff";
			refType = 4;
			sourceTree = "<group>";
		};
		8591C2EF0FE04CC6000E1566 = {
			isa = PBXFileReference;
			lastKnownFileType = image.tiff;
			name = "3-3.tiff";
			path = "Resources/3-3.tiff";
			refType = 4;
			sourceTree = "<group>";
		};
		8591C2F00FE04CC6000E1566 = {
			isa = PBXFileReference;
			lastKnownFileType = image.tiff;
			name = "3-4-h.tiff";
			path = "Resources/3-4-h.tiff";
			refType = 4;
			sourceTree = "<group>";
		};
		8591C2F10FE04CC6000E1566 = {
			isa = PBXFileReference;
			lastKnownFileType = image.tiff;
			name = "3-4.tiff";
			path = "Resources/3-4.tiff";
			refType = 4;
			sourceTree = "<group>";
		};
		8591C2F20FE04CC6000E1566 = {
			isa = PBXFileReference;
			lastKnownFileType = image.tiff;
			name = "4-1-h.tiff";
			path = "Resources/4-1-h.tiff";
			refType = 4;
			sourceTree = "<group>";
		};
		8591C2F30FE04CC6000E1566 = {
			isa = PBXFileReference;
			lastKnownFileType = image.tiff;
			name = "4-1.tiff";
			path = "Resources/4-1.tiff";
			refType = 4;
			sourceTree = "<group>";
		};
		8591C2F40FE04CC6000E1566 = {
			isa = PBXFileReference;
			lastKnownFileType = image.tiff;
			name = "4-2-h.tiff";
			path = "Resources/4-2-h.tiff";
			refType = 4;
			sourceTree = "<group>";
		};
		8591C2F50FE04CC6000E1566 = {
			isa = PBXFileReference;
			lastKnownFileType = image.tiff;
			name = "4-2.tiff";
			path = "Resources/4-2.tiff";
			refType = 4;
			sourceTree = "<group>";
		};
		8591C2F60FE04CC6000E1566 = {
			isa = PBXFileReference;
			lastKnownFileType = image.tiff;
			name = "4-3-h.tiff";
			path = "Resources/4-3-h.tiff";
			refType = 4;
			sourceTree = "<group>";
		};
		8591C2F70FE04CC6000E1566 = {
			isa = PBXFileReference;
			lastKnownFileType = image.tiff;
			name = "4-3.tiff";
			path = "Resources/4-3.tiff";
			refType = 4;
			sourceTree = "<group>";
		};
		8591C2F80FE04CC6000E1566 = {
			isa = PBXFileReference;
			lastKnownFileType = image.tiff;
			name = "4-4-h.tiff";
			path = "Resources/4-4-h.tiff";
			refType = 4;
			sourceTree = "<group>";
		};
		8591C2F90FE04CC6000E1566 = {
			isa = PBXFileReference;
			lastKnownFileType = image.tiff;
			name = "4-4.tiff";
			path = "Resources/4-4.tiff";
			refType = 4;
			sourceTree = "<group>";
		};
		8591C2FA0FE04CC6000E1566 = {
			isa = PBXFileReference;
			lastKnownFileType = image.tiff;
			name = "5-1-h.tiff";
			path = "Resources/5-1-h.tiff";
			refType = 4;
			sourceTree = "<group>";
		};
		8591C2FB0FE04CC6000E1566 = {
			isa = PBXFileReference;
			lastKnownFileType = image.tiff;
			name = "5-1.tiff";
			path = "Resources/5-1.tiff";
			refType = 4;
			sourceTree = "<group>";
		};
		8591C2FC0FE04CC6000E1566 = {
			isa = PBXFileReference;
			lastKnownFileType = image.tiff;
			name = "5-2-h.tiff";
			path = "Resources/5-2-h.tiff";
			refType = 4;
			sourceTree = "<group>";
		};
		8591C2FD0FE04CC6000E1566 = {
			isa = PBXFileReference;
			lastKnownFileType = image.tiff;
			name = "5-2.tiff";
			path = "Resources/5-2.tiff";
			refType = 4;
			sourceTree = "<group>";
		};
		8591C2FE0FE04CC6000E1566 = {
			isa = PBXFileReference;
			lastKnownFileType = image.tiff;
			name = "5-3-h.tiff";
			path = "Resources/5-3-h.tiff";
			refType = 4;
			sourceTree = "<group>";
		};
		8591C2FF0FE04CC6000E1566 = {
			isa = PBXFileReference;
			lastKnownFileType = image.tiff;
			name = "5-3.tiff";
			path = "Resources/5-3.tiff";
			refType = 4;
			sourceTree = "<group>";
		};
		8591C3000FE04CC6000E1566 = {
			isa = PBXFileReference;
			lastKnownFileType = image.tiff;
			name = "5-4-h.tiff";
			path = "Resources/5-4-h.tiff";
			refType = 4;
			sourceTree = "<group>";
		};
		8591C3010FE04CC6000E1566 = {
			isa = PBXFileReference;
			lastKnownFileType = image.tiff;
			name = "5-4.tiff";
			path = "Resources/5-4.tiff";
			refType = 4;
			sourceTree = "<group>";
		};
		8591C3020FE04CC6000E1566 = {
			isa = PBXFileReference;
			lastKnownFileType = image.tiff;
			name = "6-1-h.tiff";
			path = "Resources/6-1-h.tiff";
			refType = 4;
			sourceTree = "<group>";
		};
		8591C3030FE04CC6000E1566 = {
			isa = PBXFileReference;
			lastKnownFileType = image.tiff;
			name = "6-1.tiff";
			path = "Resources/6-1.tiff";
			refType = 4;
			sourceTree = "<group>";
		};
		8591C3040FE04CC6000E1566 = {
			isa = PBXFileReference;
			lastKnownFileType = image.tiff;
			name = "6-2-h.tiff";
			path = "Resources/6-2-h.tiff";
			refType = 4;
			sourceTree = "<group>";
		};
		8591C3050FE04CC6000E1566 = {
			isa = PBXFileReference;
			lastKnownFileType = image.tiff;
			name = "6-2.tiff";
			path = "Resources/6-2.tiff";
			refType = 4;
			sourceTree = "<group>";
		};
		8591C3060FE04CC6000E1566 = {
			isa = PBXFileReference;
			lastKnownFileType = image.tiff;
			name = "6-3-h.tiff";
			path = "Resources/6-3-h.tiff";
			refType = 4;
			sourceTree = "<group>";
		};
		8591C3070FE04CC6000E1566 = {
			isa = PBXFileReference;
			lastKnownFileType = image.tiff;
			name = "6-3.tiff";
			path = "Resources/6-3.tiff";
			refType = 4;
			sourceTree = "<group>";
		};
		8591C3080FE04CC6000E1566 = {
			isa = PBXFileReference;
			lastKnownFileType = image.tiff;
			name = "6-4-h.tiff";
			path = "Resources/6-4-h.tiff";
			refType = 4;
			sourceTree = "<group>";
		};
		8591C3090FE04CC6000E1566 = {
			isa = PBXFileReference;
			lastKnownFileType = image.tiff;
			name = "6-4.tiff";
			path = "Resources/6-4.tiff";
			refType = 4;
			sourceTree = "<group>";
		};
		8591C30A0FE04CC6000E1566 = {
			isa = PBXFileReference;
			lastKnownFileType = image.tiff;
			name = "7-1-h.tiff";
			path = "Resources/7-1-h.tiff";
			refType = 4;
			sourceTree = "<group>";
		};
		8591C30B0FE04CC6000E1566 = {
			isa = PBXFileReference;
			lastKnownFileType = image.tiff;
			name = "7-1.tiff";
			path = "Resources/7-1.tiff";
			refType = 4;
			sourceTree = "<group>";
		};
		8591C30C0FE04CC6000E1566 = {
			isa = PBXFileReference;
			lastKnownFileType = image.tiff;
			name = "7-2-h.tiff";
			path = "Resources/7-2-h.tiff";
			refType = 4;
			sourceTree = "<group>";
		};
		8591C30D0FE04CC6000E1566 = {
			isa = PBXFileReference;
			lastKnownFileType = image.tiff;
			name = "7-2.tiff";
			path = "Resources/7-2.tiff";
			refType = 4;
			sourceTree = "<group>";
		};
		8591C30E0FE04CC6000E1566 = {
			isa = PBXFileReference;
			lastKnownFileType = image.tiff;
			name = "7-3-h.tiff";
			path = "Resources/7-3-h.tiff";
			refType = 4;
			sourceTree = "<group>";
		};
		8591C30F0FE04CC6000E1566 = {
			isa = PBXFileReference;
			lastKnownFileType = image.tiff;
			name = "7-3.tiff";
			path = "Resources/7-3.tiff";
			refType = 4;
			sourceTree = "<group>";
		};
		8591C3100FE04CC6000E1566 = {
			isa = PBXFileReference;
			lastKnownFileType = image.tiff;
			name = "7-4-h.tiff";
			path = "Resources/7-4-h.tiff";
			refType = 4;
			sourceTree = "<group>";
		};
		8591C3110FE04CC6000E1566 = {
			isa = PBXFileReference;
			lastKnownFileType = image.tiff;
			name = "7-4.tiff";
			path = "Resources/7-4.tiff";
			refType = 4;
			sourceTree = "<group>";
		};
		8591C3120FE04CC6000E1566 = {
			isa = PBXFileReference;
			lastKnownFileType = image.tiff;
			name = "8-1-h.tiff";
			path = "Resources/8-1-h.tiff";
			refType = 4;
			sourceTree = "<group>";
		};
		8591C3130FE04CC6000E1566 = {
			isa = PBXFileReference;
			lastKnownFileType = image.tiff;
			name = "8-1.tiff";
			path = "Resources/8-1.tiff";
			refType = 4;
			sourceTree = "<group>";
		};
		8591C3140FE04CC6000E1566 = {
			isa = PBXFileReference;
			lastKnownFileType = image.tiff;
			name = "8-2-h.tiff";
			path = "Resources/8-2-h.tiff";
			refType = 4;
			sourceTree = "<group>";
		};
		8591C3150FE04CC6000E1566 = {
			isa = PBXFileReference;
			lastKnownFileType = image.tiff;
			name = "8-2.tiff";
			path = "Resources/8-2.tiff";
			refType = 4;
			sourceTree = "<group>";
		};
		8591C3160FE04CC6000E1566 = {
			isa = PBXFileReference;
			lastKnownFileType = image.tiff;
			name = "8-3-h.tiff";
			path = "Resources/8-3-h.tiff";
			refType = 4;
			sourceTree = "<group>";
		};
		8591C3170FE04CC6000E1566 = {
			isa = PBXFileReference;
			lastKnownFileType = image.tiff;
			name = "8-3.tiff";
			path = "Resources/8-3.tiff";
			refType = 4;
			sourceTree = "<group>";
		};
		8591C3180FE04CC6000E1566 = {
			isa = PBXFileReference;
			lastKnownFileType = image.tiff;
			name = "8-4-h.tiff";
			path = "Resources/8-4-h.tiff";
			refType = 4;
			sourceTree = "<group>";
		};
		8591C3190FE04CC6000E1566 = {
			isa = PBXFileReference;
			lastKnownFileType = image.tiff;
			name = "8-4.tiff";
			path = "Resources/8-4.tiff";
			refType = 4;
			sourceTree = "<group>";
		};
		8591C31A0FE04CC6000E1566 = {
			isa = PBXFileReference;
			lastKnownFileType = image.tiff;
			name = "9-1-h.tiff";
			path = "Resources/9-1-h.tiff";
			refType = 4;
			sourceTree = "<group>";
		};
		8591C31B0FE04CC6000E1566 = {
			isa = PBXFileReference;
			lastKnownFileType = image.tiff;
			name = "9-1.tiff";
			path = "Resources/9-1.tiff";
			refType = 4;
			sourceTree = "<group>";
		};
		8591C31C0FE04CC6000E1566 = {
			isa = PBXFileReference;
			lastKnownFileType = image.tiff;
			name = "9-2-h.tiff";
			path = "Resources/9-2-h.tiff";
			refType = 4;
			sourceTree = "<group>";
		};
		8591C31D0FE04CC6000E1566 = {
			isa = PBXFileReference;
			lastKnownFileType = image.tiff;
			name = "9-2.tiff";
			path = "Resources/9-2.tiff";
			refType = 4;
			sourceTree = "<group>";
		};
		8591C31E0FE04CC6000E1566 = {
			isa = PBXFileReference;
			lastKnownFileType = image.tiff;
			name = "9-3-h.tiff";
			path = "Resources/9-3-h.tiff";
			refType = 4;
			sourceTree = "<group>";
		};
		8591C31F0FE04CC6000E1566 = {
			isa = PBXFileReference;
			lastKnownFileType = image.tiff;
			name = "9-3.tiff";
			path = "Resources/9-3.tiff";
			refType = 4;
			sourceTree = "<group>";
		};
		8591C3200FE04CC6000E1566 = {
			isa = PBXFileReference;
			lastKnownFileType = image.tiff;
			name = "9-4-h.tiff";
			path = "Resources/9-4-h.tiff";
			refType = 4;
			sourceTree = "<group>";
		};
		8591C3210FE04CC6000E1566 = {
			isa = PBXFileReference;
			lastKnownFileType = image.tiff;
			name = "9-4.tiff";
			path = "Resources/9-4.tiff";
			refType = 4;
			sourceTree = "<group>";
		};
		8591C3220FE04CC6000E1566 = {
			isa = PBXFileReference;
			lastKnownFileType = image.tiff;
			name = green.tiff;
			path = Resources/green.tiff;
			refType = 4;
			sourceTree = "<group>";
		};
		8591C3230FE04CC6000E1566 = {
			isa = PBXFileReference;
			lastKnownFileType = image.tiff;
			name = x.tiff;
			path = Resources/x.tiff;
			refType = 4;
			sourceTree = "<group>";
		};
		8591C3240FE04CC6000E1566 = {
			fileRef = 8591C2DA0FE04CC6000E1566;
			isa = PBXBuildFile;
			settings = {
			};
		};
		8591C3250FE04CC6000E1566 = {
			fileRef = 8591C2DB0FE04CC6000E1566;
			isa = PBXBuildFile;
			settings = {
			};
		};
		8591C3260FE04CC6000E1566 = {
			fileRef = 8591C2DC0FE04CC6000E1566;
			isa = PBXBuildFile;
			settings = {
			};
		};
		8591C3270FE04CC6000E1566 = {
			fileRef = 8591C2DD0FE04CC6000E1566;
			isa = PBXBuildFile;
			settings = {
			};
		};
		8591C3280FE04CC6000E1566 = {
			fileRef = 8591C2DE0FE04CC6000E1566;
			isa = PBXBuildFile;
			settings = {
			};
		};
		8591C3290FE04CC6000E1566 = {
			fileRef = 8591C2DF0FE04CC6000E1566;
			isa = PBXBuildFile;
			settings = {
			};
		};
		8591C32A0FE04CC6000E1566 = {
			fileRef = 8591C2E00FE04CC6000E1566;
			isa = PBXBuildFile;
			settings = {
			};
		};
		8591C32B0FE04CC6000E1566 = {
			fileRef = 8591C2E10FE04CC6000E1566;
			isa = PBXBuildFile;
			settings = {
			};
		};
		8591C32C0FE04CC6000E1566 = {
			fileRef = 8591C2E20FE04CC6000E1566;
			isa = PBXBuildFile;
			settings = {
			};
		};
		8591C32D0FE04CC6000E1566 = {
			fileRef = 8591C2E30FE04CC6000E1566;
			isa = PBXBuildFile;
			settings = {
			};
		};
		8591C32E0FE04CC6000E1566 = {
			fileRef = 8591C2E40FE04CC6000E1566;
			isa = PBXBuildFile;
			settings = {
			};
		};
		8591C32F0FE04CC6000E1566 = {
			fileRef = 8591C2E50FE04CC6000E1566;
			isa = PBXBuildFile;
			settings = {
			};
		};
		8591C3300FE04CC6000E1566 = {
			fileRef = 8591C2E60FE04CC6000E1566;
			isa = PBXBuildFile;
			settings = {
			};
		};
		8591C3310FE04CC6000E1566 = {
			fileRef = 8591C2E70FE04CC6000E1566;
			isa = PBXBuildFile;
			settings = {
			};
		};
		8591C3320FE04CC6000E1566 = {
			fileRef = 8591C2E80FE04CC6000E1566;
			isa = PBXBuildFile;
			settings = {
			};
		};
		8591C3330FE04CC6000E1566 = {
			fileRef = 8591C2E90FE04CC6000E1566;
			isa = PBXBuildFile;
			settings = {
			};
		};
		8591C3340FE04CC6000E1566 = {
			fileRef = 8591C2EA0FE04CC6000E1566;
			isa = PBXBuildFile;
			settings = {
			};
		};
		8591C3350FE04CC6000E1566 = {
			fileRef = 8591C2EB0FE04CC6000E1566;
			isa = PBXBuildFile;
			settings = {
			};
		};
		8591C3360FE04CC6000E1566 = {
			fileRef = 8591C2EC0FE04CC6000E1566;
			isa = PBXBuildFile;
			settings = {
			};
		};
		8591C3370FE04CC6000E1566 = {
			fileRef = 8591C2ED0FE04CC6000E1566;
			isa = PBXBuildFile;
			settings = {
			};
		};
		8591C3380FE04CC6000E1566 = {
			fileRef = 8591C2EE0FE04CC6000E1566;
			isa = PBXBuildFile;
			settings = {
			};
		};
		8591C3390FE04CC6000E1566 = {
			fileRef = 8591C2EF0FE04CC6000E1566;
			isa = PBXBuildFile;
			settings = {
			};
		};
		8591C33A0FE04CC6000E1566 = {
			fileRef = 8591C2F00FE04CC6000E1566;
			isa = PBXBuildFile;
			settings = {
			};
		};
		8591C33B0FE04CC6000E1566 = {
			fileRef = 8591C2F10FE04CC6000E1566;
			isa = PBXBuildFile;
			settings = {
			};
		};
		8591C33C0FE04CC6000E1566 = {
			fileRef = 8591C2F20FE04CC6000E1566;
			isa = PBXBuildFile;
			settings = {
			};
		};
		8591C33D0FE04CC6000E1566 = {
			fileRef = 8591C2F30FE04CC6000E1566;
			isa = PBXBuildFile;
			settings = {
			};
		};
		8591C33E0FE04CC6000E1566 = {
			fileRef = 8591C2F40FE04CC6000E1566;
			isa = PBXBuildFile;
			settings = {
			};
		};
		8591C33F0FE04CC6000E1566 = {
			fileRef = 8591C2F50FE04CC6000E1566;
			isa = PBXBuildFile;
			settings = {
			};
		};
		8591C3400FE04CC6000E1566 = {
			fileRef = 8591C2F60FE04CC6000E1566;
			isa = PBXBuildFile;
			settings = {
			};
		};
		8591C3410FE04CC6000E1566 = {
			fileRef = 8591C2F70FE04CC6000E1566;
			isa = PBXBuildFile;
			settings = {
			};
		};
		8591C3420FE04CC6000E1566 = {
			fileRef = 8591C2F80FE04CC6000E1566;
			isa = PBXBuildFile;
			settings = {
			};
		};
		8591C3430FE04CC6000E1566 = {
			fileRef = 8591C2F90FE04CC6000E1566;
			isa = PBXBuildFile;
			settings = {
			};
		};
		8591C3440FE04CC6000E1566 = {
			fileRef = 8591C2FA0FE04CC6000E1566;
			isa = PBXBuildFile;
			settings = {
			};
		};
		8591C3450FE04CC6000E1566 = {
			fileRef = 8591C2FB0FE04CC6000E1566;
			isa = PBXBuildFile;
			settings = {
			};
		};
		8591C3460FE04CC6000E1566 = {
			fileRef = 8591C2FC0FE04CC6000E1566;
			isa = PBXBuildFile;
			settings = {
			};
		};
		8591C3470FE04CC6000E1566 = {
			fileRef = 8591C2FD0FE04CC6000E1566;
			isa = PBXBuildFile;
			settings = {
			};
		};
		8591C3480FE04CC6000E1566 = {
			fileRef = 8591C2FE0FE04CC6000E1566;
			isa = PBXBuildFile;
			settings = {
			};
		};
		8591C3490FE04CC6000E1566 = {
			fileRef = 8591C2FF0FE04CC6000E1566;
			isa = PBXBuildFile;
			settings = {
			};
		};
		8591C34A0FE04CC6000E1566 = {
			fileRef = 8591C3000FE04CC6000E1566;
			isa = PBXBuildFile;
			settings = {
			};
		};
		8591C34B0FE04CC6000E1566 = {
			fileRef = 8591C3010FE04CC6000E1566;
			isa = PBXBuildFile;
			settings = {
			};
		};
		8591C34C0FE04CC6000E1566 = {
			fileRef = 8591C3020FE04CC6000E1566;
			isa = PBXBuildFile;
			settings = {
			};
		};
		8591C34D0FE04CC6000E1566 = {
			fileRef = 8591C3030FE04CC6000E1566;
			isa = PBXBuildFile;
			settings = {
			};
		};
		8591C34E0FE04CC6000E1566 = {
			fileRef = 8591C3040FE04CC6000E1566;
			isa = PBXBuildFile;
			settings = {
			};
		};
		8591C34F0FE04CC6000E1566 = {
			fileRef = 8591C3050FE04CC6000E1566;
			isa = PBXBuildFile;
			settings = {
			};
		};
		8591C3500FE04CC6000E1566 = {
			fileRef = 8591C3060FE04CC6000E1566;
			isa = PBXBuildFile;
			settings = {
			};
		};
		8591C3510FE04CC6000E1566 = {
			fileRef = 8591C3070FE04CC6000E1566;
			isa = PBXBuildFile;
			settings = {
			};
		};
		8591C3520FE04CC6000E1566 = {
			fileRef = 8591C3080FE04CC6000E1566;
			isa = PBXBuildFile;
			settings = {
			};
		};
		8591C3530FE04CC6000E1566 = {
			fileRef = 8591C3090FE04CC6000E1566;
			isa = PBXBuildFile;
			settings = {
			};
		};
		8591C3540FE04CC6000E1566 = {
			fileRef = 8591C30A0FE04CC6000E1566;
			isa = PBXBuildFile;
			settings = {
			};
		};
		8591C3550FE04CC6000E1566 = {
			fileRef = 8591C30B0FE04CC6000E1566;
			isa = PBXBuildFile;
			settings = {
			};
		};
		8591C3560FE04CC6000E1566 = {
			fileRef = 8591C30C0FE04CC6000E1566;
			isa = PBXBuildFile;
			settings = {
			};
		};
		8591C3570FE04CC6000E1566 = {
			fileRef = 8591C30D0FE04CC6000E1566;
			isa = PBXBuildFile;
			settings = {
			};
		};
		8591C3580FE04CC6000E1566 = {
			fileRef = 8591C30E0FE04CC6000E1566;
			isa = PBXBuildFile;
			settings = {
			};
		};
		8591C3590FE04CC6000E1566 = {
			fileRef = 8591C30F0FE04CC6000E1566;
			isa = PBXBuildFile;
			settings = {
			};
		};
		8591C35A0FE04CC6000E1566 = {
			fileRef = 8591C3100FE04CC6000E1566;
			isa = PBXBuildFile;
			settings = {
			};
		};
		8591C35B0FE04CC6000E1566 = {
			fileRef = 8591C3110FE04CC6000E1566;
			isa = PBXBuildFile;
			settings = {
			};
		};
		8591C35C0FE04CC6000E1566 = {
			fileRef = 8591C3120FE04CC6000E1566;
			isa = PBXBuildFile;
			settings = {
			};
		};
		8591C35D0FE04CC6000E1566 = {
			fileRef = 8591C3130FE04CC6000E1566;
			isa = PBXBuildFile;
			settings = {
			};
		};
		8591C35E0FE04CC6000E1566 = {
			fileRef = 8591C3140FE04CC6000E1566;
			isa = PBXBuildFile;
			settings = {
			};
		};
		8591C35F0FE04CC6000E1566 = {
			fileRef = 8591C3150FE04CC6000E1566;
			isa = PBXBuildFile;
			settings = {
			};
		};
		8591C3600FE04CC6000E1566 = {
			fileRef = 8591C3160FE04CC6000E1566;
			isa = PBXBuildFile;
			settings = {
			};
		};
		8591C3610FE04CC6000E1566 = {
			fileRef = 8591C3170FE04CC6000E1566;
			isa = PBXBuildFile;
			settings = {
			};
		};
		8591C3620FE04CC6000E1566 = {
			fileRef = 8591C3180FE04CC6000E1566;
			isa = PBXBuildFile;
			settings = {
			};
		};
		8591C3630FE04CC6000E1566 = {
			fileRef = 8591C3190FE04CC6000E1566;
			isa = PBXBuildFile;
			settings = {
			};
		};
		8591C3640FE04CC6000E1566 = {
			fileRef = 8591C31A0FE04CC6000E1566;
			isa = PBXBuildFile;
			settings = {
			};
		};
		8591C3650FE04CC6000E1566 = {
			fileRef = 8591C31B0FE04CC6000E1566;
			isa = PBXBuildFile;
			settings = {
			};
		};
		8591C3660FE04CC6000E1566 = {
			fileRef = 8591C31C0FE04CC6000E1566;
			isa = PBXBuildFile;
			settings = {
			};
		};
		8591C3670FE04CC6000E1566 = {
			fileRef = 8591C31D0FE04CC6000E1566;
			isa = PBXBuildFile;
			settings = {
			};
		};
		8591C3680FE04CC6000E1566 = {
			fileRef = 8591C31E0FE04CC6000E1566;
			isa = PBXBuildFile;
			settings = {
			};
		};
		8591C3690FE04CC6000E1566 = {
			fileRef = 8591C31F0FE04CC6000E1566;
			isa = PBXBuildFile;
			settings = {
			};
		};
		8591C36A0FE04CC6000E1566 = {
			fileRef = 8591C3200FE04CC6000E1566;
			isa = PBXBuildFile;
			settings = {
			};
		};
		8591C36B0FE04CC6000E1566 = {
			fileRef = 8591C3210FE04CC6000E1566;
			isa = PBXBuildFile;
			settings = {
			};
		};
		8591C36C0FE04CC6000E1566 = {
			fileRef = 8591C3220FE04CC6000E1566;
			isa = PBXBuildFile;
			settings = {
			};
		};
		8591C36D0FE04CC6000E1566 = {
			fileRef = 8591C3230FE04CC6000E1566;
			isa = PBXBuildFile;
			settings = {
			};
		};
		8591C3780FE04E99000E1566 = {
			isa = PBXFileReference;
			lastKnownFileType = image.icns;
			name = GShisen.icns;
			path = Resources/GShisen.icns;
			refType = 4;
			sourceTree = "<group>";
		};
		8591C3790FE04E99000E1566 = {
			fileRef = 8591C3780FE04E99000E1566;
			isa = PBXBuildFile;
			settings = {
			};
		};
		8591C3D80FE04FAD000E1566 = {
			isa = PBXFileReference;
			lastKnownFileType = wrapper.framework;
			name = Foundation.framework;
			path = /System/Library/Frameworks/Foundation.framework;
			refType = 0;
			sourceTree = "<absolute>";
		};
		8591C3D90FE04FAD000E1566 = {
			fileRef = 8591C3D80FE04FAD000E1566;
			isa = PBXBuildFile;
			settings = {
			};
		};
		8591C3DA0FE04FBC000E1566 = {
			isa = PBXFileReference;
			lastKnownFileType = wrapper.framework;
			name = AppKit.framework;
			path = /System/Library/Frameworks/AppKit.framework;
			refType = 0;
			sourceTree = "<absolute>";
		};
		8591C3DB0FE04FBC000E1566 = {
			fileRef = 8591C3DA0FE04FBC000E1566;
			isa = PBXBuildFile;
			settings = {
			};
		};
		8591C4DF0FE04FCC000E1566 = {
			children = (
				8591C3DA0FE04FBC000E1566,
				8591C3D80FE04FAD000E1566,
			);
			isa = PBXGroup;
			name = Frameworks;
			refType = 4;
			sourceTree = "<group>";
		};
		8591C85B0FE07300000E1566 = {
			fileEncoding = 4;
			isa = PBXFileReference;
			lastKnownFileType = text.plist.strings;
			path = InfoPlist.strings;
			refType = 4;
			sourceTree = "<group>";
		};
		8591C85C0FE07300000E1566 = {
			fileRef = 8591C85B0FE07300000E1566;
			isa = PBXBuildFile;
			settings = {
			};
		};
	};
	rootObject = 8591C2880FE027E3000E1566;
}
