// !$*UTF8*$!
{
	archiveVersion = 1;
	classes = {
	};
	objectVersion = 42;
	objects = {

/* Begin PBXBuildFile section */
		8D11072A0486CEB800E47090 /* MainMenu.nib in Resources */ = {isa = PBXBuildFile; fileRef = 29B97318FDCFA39411CA2CEA /* MainMenu.nib */; };
		8D11072B0486CEB800E47090 /* InfoPlist.strings in Resources */ = {isa = PBXBuildFile; fileRef = 089C165CFE840E0CC02AAC07 /* InfoPlist.strings */; };
		8D11072D0486CEB800E47090 /* main.m in Sources */ = {isa = PBXBuildFile; fileRef = 29B97316FDCFA39411CA2CEA /* main.m */; settings = {ATTRIBUTES = (); }; };
		8D11072F0486CEB800E47090 /* Cocoa.framework in Frameworks */ = {isa = PBXBuildFile; fileRef = 1058C7A1FEA54F0111CA2CBB /* Cocoa.framework */; };
		9F10EABD0C03F10E00B91883 /* PictureWindow.m in Sources */ = {isa = PBXBuildFile; fileRef = 9F10EABC0C03F10E00B91883 /* PictureWindow.m */; };
		9F10EAD20C03F28A00B91883 /* PictureFrameController.m in Sources */ = {isa = PBXBuildFile; fileRef = 9F10EAD10C03F28A00B91883 /* PictureFrameController.m */; };
		9F2CA9BF0D52E1E300755BE1 /* DBOverlayWindow.h in CopyFiles */ = {isa = PBXBuildFile; fileRef = 9F2CA9BD0D52E1E300755BE1 /* DBOverlayWindow.h */; };
		9F2CA9C00D52E1E300755BE1 /* DBOverlayWindow.m in Sources */ = {isa = PBXBuildFile; fileRef = 9F2CA9BE0D52E1E300755BE1 /* DBOverlayWindow.m */; };
		9F2CA9C30D52E1ED00755BE1 /* DBOverlayWindowBkgrnd.h in CopyFiles */ = {isa = PBXBuildFile; fileRef = 9F2CA9C10D52E1ED00755BE1 /* DBOverlayWindowBkgrnd.h */; };
		9F2CA9C40D52E1ED00755BE1 /* DBOverlayWindowBkgrnd.m in Sources */ = {isa = PBXBuildFile; fileRef = 9F2CA9C20D52E1ED00755BE1 /* DBOverlayWindowBkgrnd.m */; };
		9F38D27D0C07E593001F4877 /* OverlayView.m in Sources */ = {isa = PBXBuildFile; fileRef = 9F38D27C0C07E593001F4877 /* OverlayView.m */; };
		9F58FC4D0C26C93F00404F27 /* SimpleWeather.bundle in CopyFiles */ = {isa = PBXBuildFile; fileRef = 9F58FC3A0C26484400404F27 /* SimpleWeather.bundle */; };
		9F9663610C9792750073A070 /* Preferences.nib in Resources */ = {isa = PBXBuildFile; fileRef = 9F9663600C9792750073A070 /* Preferences.nib */; };
		9FBC43180C0F1494002FB7BB /* ClockView.m in Sources */ = {isa = PBXBuildFile; fileRef = 9FBC43170C0F1494002FB7BB /* ClockView.m */; };
		9FC75E050BF59A210018B22C /* PhotoView.m in Sources */ = {isa = PBXBuildFile; fileRef = 9FC75E040BF59A210018B22C /* PhotoView.m */; };
		9FF436B90D1F6A180074B697 /* FrameDisplay.h in CopyFiles */ = {isa = PBXBuildFile; fileRef = 9FF436B80D1F6A180074B697 /* FrameDisplay.h */; };
		9FF436BC0D1F6A250074B697 /* PhotoController.h in CopyFiles */ = {isa = PBXBuildFile; fileRef = 9FF436BA0D1F6A250074B697 /* PhotoController.h */; };
		9FF436BD0D1F6A250074B697 /* PhotoController.m in Sources */ = {isa = PBXBuildFile; fileRef = 9FF436BB0D1F6A250074B697 /* PhotoController.m */; };
		9FF57BF90C04F9AB009CE88D /* PreferencesController.m in Sources */ = {isa = PBXBuildFile; fileRef = 9FF57BF80C04F9AB009CE88D /* PreferencesController.m */; };
/* End PBXBuildFile section */

/* Begin PBXContainerItemProxy section */
		9F58FC390C26484400404F27 /* PBXContainerItemProxy */ = {
			isa = PBXContainerItemProxy;
			containerPortal = 9F58FC350C26484400404F27 /* SimpleWeather.xcodeproj */;
			proxyType = 2;
			remoteGlobalIDString = 8D5B49B6048680CD000E48DA;
			remoteInfo = SimpleWeather;
		};
/* End PBXContainerItemProxy section */

/* Begin PBXCopyFilesBuildPhase section */
		9F58FC4B0C26C93700404F27 /* CopyFiles */ = {
			isa = PBXCopyFilesBuildPhase;
			buildActionMask = 2147483647;
			dstPath = "";
			dstSubfolderSpec = 7;
			files = (
				9F58FC4D0C26C93F00404F27 /* SimpleWeather.bundle in CopyFiles */,
				9FF436B90D1F6A180074B697 /* FrameDisplay.h in CopyFiles */,
				9FF436BC0D1F6A250074B697 /* PhotoController.h in CopyFiles */,
				9F2CA9BF0D52E1E300755BE1 /* DBOverlayWindow.h in CopyFiles */,
				9F2CA9C30D52E1ED00755BE1 /* DBOverlayWindowBkgrnd.h in CopyFiles */,
			);
			runOnlyForDeploymentPostprocessing = 0;
		};
/* End PBXCopyFilesBuildPhase section */

/* Begin PBXFileReference section */
		089C165DFE840E0CC02AAC07 /* English */ = {isa = PBXFileReference; fileEncoding = 10; lastKnownFileType = text.plist.strings; name = English; path = English.lproj/InfoPlist.strings; sourceTree = "<group>"; };
		1058C7A1FEA54F0111CA2CBB /* Cocoa.framework */ = {isa = PBXFileReference; lastKnownFileType = wrapper.framework; name = Cocoa.framework; path = /System/Library/Frameworks/Cocoa.framework; sourceTree = "<absolute>"; };
		13E42FB307B3F0F600E4EEF1 /* CoreData.framework */ = {isa = PBXFileReference; lastKnownFileType = wrapper.framework; name = CoreData.framework; path = /System/Library/Frameworks/CoreData.framework; sourceTree = "<absolute>"; };
		29B97316FDCFA39411CA2CEA /* main.m */ = {isa = PBXFileReference; fileEncoding = 4; lastKnownFileType = sourcecode.c.objc; path = main.m; sourceTree = "<group>"; };
		29B97319FDCFA39411CA2CEA /* English */ = {isa = PBXFileReference; lastKnownFileType = wrapper.nib; name = English; path = English.lproj/MainMenu.nib; sourceTree = "<group>"; };
		29B97324FDCFA39411CA2CEA /* AppKit.framework */ = {isa = PBXFileReference; lastKnownFileType = wrapper.framework; name = AppKit.framework; path = /System/Library/Frameworks/AppKit.framework; sourceTree = "<absolute>"; };
		29B97325FDCFA39411CA2CEA /* Foundation.framework */ = {isa = PBXFileReference; lastKnownFileType = wrapper.framework; name = Foundation.framework; path = /System/Library/Frameworks/Foundation.framework; sourceTree = "<absolute>"; };
		32CA4F630368D1EE00C91783 /* PictureFrame_Prefix.pch */ = {isa = PBXFileReference; fileEncoding = 4; lastKnownFileType = sourcecode.c.h; path = PictureFrame_Prefix.pch; sourceTree = "<group>"; };
		8D1107310486CEB800E47090 /* Info.plist */ = {isa = PBXFileReference; fileEncoding = 4; lastKnownFileType = text.plist; path = Info.plist; sourceTree = "<group>"; };
		8D1107320486CEB800E47090 /* PictureFrame.app */ = {isa = PBXFileReference; explicitFileType = wrapper.application; includeInIndex = 0; path = PictureFrame.app; sourceTree = BUILT_PRODUCTS_DIR; };
		9F0D82620C287B4A00A8685A /* SimpleWeather.bundle */ = {isa = PBXFileReference; explicitFileType = wrapper.cfbundle; includeInIndex = 0; path = SimpleWeather.bundle; sourceTree = BUILT_PRODUCTS_DIR; };
		9F10EABB0C03F10E00B91883 /* PictureWindow.h */ = {isa = PBXFileReference; fileEncoding = 4; lastKnownFileType = sourcecode.c.h; path = PictureWindow.h; sourceTree = "<group>"; };
		9F10EABC0C03F10E00B91883 /* PictureWindow.m */ = {isa = PBXFileReference; fileEncoding = 4; lastKnownFileType = sourcecode.c.objc; path = PictureWindow.m; sourceTree = "<group>"; };
		9F10EAD10C03F28A00B91883 /* PictureFrameController.m */ = {isa = PBXFileReference; fileEncoding = 30; lastKnownFileType = sourcecode.c.objc; path = PictureFrameController.m; sourceTree = "<group>"; };
		9F10EAD30C03F29600B91883 /* PictureFrameController.h */ = {isa = PBXFileReference; fileEncoding = 30; lastKnownFileType = sourcecode.c.h; path = PictureFrameController.h; sourceTree = "<group>"; };
		9F2CA9BD0D52E1E300755BE1 /* DBOverlayWindow.h */ = {isa = PBXFileReference; fileEncoding = 30; lastKnownFileType = sourcecode.c.h; path = DBOverlayWindow.h; sourceTree = "<group>"; };
		9F2CA9BE0D52E1E300755BE1 /* DBOverlayWindow.m */ = {isa = PBXFileReference; fileEncoding = 30; lastKnownFileType = sourcecode.c.objc; path = DBOverlayWindow.m; sourceTree = "<group>"; };
		9F2CA9C10D52E1ED00755BE1 /* DBOverlayWindowBkgrnd.h */ = {isa = PBXFileReference; fileEncoding = 30; lastKnownFileType = sourcecode.c.h; path = DBOverlayWindowBkgrnd.h; sourceTree = "<group>"; };
		9F2CA9C20D52E1ED00755BE1 /* DBOverlayWindowBkgrnd.m */ = {isa = PBXFileReference; fileEncoding = 30; lastKnownFileType = sourcecode.c.objc; path = DBOverlayWindowBkgrnd.m; sourceTree = "<group>"; };
		9F38D27B0C07E593001F4877 /* OverlayView.h */ = {isa = PBXFileReference; fileEncoding = 4; lastKnownFileType = sourcecode.c.h; path = OverlayView.h; sourceTree = "<group>"; };
		9F38D27C0C07E593001F4877 /* OverlayView.m */ = {isa = PBXFileReference; fileEncoding = 4; lastKnownFileType = sourcecode.c.objc; path = OverlayView.m; sourceTree = "<group>"; };
		9F58FC350C26484400404F27 /* SimpleWeather.xcodeproj */ = {isa = PBXFileReference; lastKnownFileType = "wrapper.pb-project"; name = SimpleWeather.xcodeproj; path = SimpleWeather/SimpleWeather.xcodeproj; sourceTree = "<group>"; };
		9FBC43170C0F1494002FB7BB /* ClockView.m */ = {isa = PBXFileReference; fileEncoding = 30; lastKnownFileType = sourcecode.c.objc; path = ClockView.m; sourceTree = "<group>"; };
		9FBC43190C0F14A6002FB7BB /* ClockView.h */ = {isa = PBXFileReference; fileEncoding = 30; lastKnownFileType = sourcecode.c.h; path = ClockView.h; sourceTree = "<group>"; };
		9FC75E040BF59A210018B22C /* PhotoView.m */ = {isa = PBXFileReference; fileEncoding = 30; lastKnownFileType = sourcecode.c.objc; path = PhotoView.m; sourceTree = "<group>"; };
		9FC75E060BF59A2A0018B22C /* PhotoView.h */ = {isa = PBXFileReference; fileEncoding = 30; lastKnownFileType = sourcecode.c.h; path = PhotoView.h; sourceTree = "<group>"; };
		9FF436B80D1F6A180074B697 /* FrameDisplay.h */ = {isa = PBXFileReference; fileEncoding = 30; lastKnownFileType = sourcecode.c.h; path = FrameDisplay.h; sourceTree = "<group>"; };
		9FF436BA0D1F6A250074B697 /* PhotoController.h */ = {isa = PBXFileReference; fileEncoding = 30; lastKnownFileType = sourcecode.c.h; path = PhotoController.h; sourceTree = "<group>"; };
		9FF436BB0D1F6A250074B697 /* PhotoController.m */ = {isa = PBXFileReference; fileEncoding = 30; lastKnownFileType = sourcecode.c.objc; path = PhotoController.m; sourceTree = "<group>"; };
		9FF57BED0C04F254009CE88D /* GNUstep.h */ = {isa = PBXFileReference; fileEncoding = 30; lastKnownFileType = sourcecode.c.h; path = GNUstep.h; sourceTree = "<group>"; };
		9FF57BF50C04F992009CE88D /* English */ = {isa = PBXFileReference; lastKnownFileType = wrapper.nib; name = English; path = English.lproj/Preferences.nib; sourceTree = "<group>"; };
		9FF57BF70C04F9AB009CE88D /* PreferencesController.h */ = {isa = PBXFileReference; fileEncoding = 30; lastKnownFileType = sourcecode.c.h; path = PreferencesController.h; sourceTree = "<group>"; };
		9FF57BF80C04F9AB009CE88D /* PreferencesController.m */ = {isa = PBXFileReference; fileEncoding = 30; lastKnownFileType = sourcecode.c.objc; path = PreferencesController.m; sourceTree = "<group>"; };
/* End PBXFileReference section */

/* Begin PBXFrameworksBuildPhase section */
		8D11072E0486CEB800E47090 /* Frameworks */ = {
			isa = PBXFrameworksBuildPhase;
			buildActionMask = 2147483647;
			files = (
				8D11072F0486CEB800E47090 /* Cocoa.framework in Frameworks */,
			);
			runOnlyForDeploymentPostprocessing = 0;
		};
		9FF608430C25F56F00505A09 /* Frameworks */ = {
			isa = PBXFrameworksBuildPhase;
			buildActionMask = 2147483647;
			files = (
			);
			runOnlyForDeploymentPostprocessing = 0;
		};
/* End PBXFrameworksBuildPhase section */

/* Begin PBXGroup section */
		080E96DDFE201D6D7F000001 /* Classes */ = {
			isa = PBXGroup;
			children = (
				9F2CA9BD0D52E1E300755BE1 /* DBOverlayWindow.h */,
				9F2CA9BE0D52E1E300755BE1 /* DBOverlayWindow.m */,
				9F2CA9C10D52E1ED00755BE1 /* DBOverlayWindowBkgrnd.h */,
				9F2CA9C20D52E1ED00755BE1 /* DBOverlayWindowBkgrnd.m */,
				9FF436BA0D1F6A250074B697 /* PhotoController.h */,
				9FF436BB0D1F6A250074B697 /* PhotoController.m */,
				9FF436B80D1F6A180074B697 /* FrameDisplay.h */,
				9FBC43190C0F14A6002FB7BB /* ClockView.h */,
				9FBC43170C0F1494002FB7BB /* ClockView.m */,
				9FF57BED0C04F254009CE88D /* GNUstep.h */,
				9F10EAD30C03F29600B91883 /* PictureFrameController.h */,
				9F10EAD10C03F28A00B91883 /* PictureFrameController.m */,
				9FC75E060BF59A2A0018B22C /* PhotoView.h */,
				9FC75E040BF59A210018B22C /* PhotoView.m */,
				9F10EABB0C03F10E00B91883 /* PictureWindow.h */,
				9F10EABC0C03F10E00B91883 /* PictureWindow.m */,
				9FF57BF70C04F9AB009CE88D /* PreferencesController.h */,
				9FF57BF80C04F9AB009CE88D /* PreferencesController.m */,
				9F38D27B0C07E593001F4877 /* OverlayView.h */,
				9F38D27C0C07E593001F4877 /* OverlayView.m */,
			);
			name = Classes;
			sourceTree = "<group>";
		};
		1058C7A0FEA54F0111CA2CBB /* Linked Frameworks */ = {
			isa = PBXGroup;
			children = (
				1058C7A1FEA54F0111CA2CBB /* Cocoa.framework */,
			);
			name = "Linked Frameworks";
			sourceTree = "<group>";
		};
		1058C7A2FEA54F0111CA2CBB /* Other Frameworks */ = {
			isa = PBXGroup;
			children = (
				29B97324FDCFA39411CA2CEA /* AppKit.framework */,
				13E42FB307B3F0F600E4EEF1 /* CoreData.framework */,
				29B97325FDCFA39411CA2CEA /* Foundation.framework */,
			);
			name = "Other Frameworks";
			sourceTree = "<group>";
		};
		19C28FACFE9D520D11CA2CBB /* Products */ = {
			isa = PBXGroup;
			children = (
				8D1107320486CEB800E47090 /* PictureFrame.app */,
				9F58FC350C26484400404F27 /* SimpleWeather.xcodeproj */,
				9F0D82620C287B4A00A8685A /* SimpleWeather.bundle */,
			);
			name = Products;
			sourceTree = "<group>";
		};
		29B97314FDCFA39411CA2CEA /* PictureFrame */ = {
			isa = PBXGroup;
			children = (
				080E96DDFE201D6D7F000001 /* Classes */,
				29B97315FDCFA39411CA2CEA /* Other Sources */,
				29B97317FDCFA39411CA2CEA /* Resources */,
				29B97323FDCFA39411CA2CEA /* Frameworks */,
				19C28FACFE9D520D11CA2CBB /* Products */,
			);
			name = PictureFrame;
			sourceTree = "<group>";
		};
		29B97315FDCFA39411CA2CEA /* Other Sources */ = {
			isa = PBXGroup;
			children = (
				32CA4F630368D1EE00C91783 /* PictureFrame_Prefix.pch */,
				29B97316FDCFA39411CA2CEA /* main.m */,
			);
			name = "Other Sources";
			sourceTree = "<group>";
		};
		29B97317FDCFA39411CA2CEA /* Resources */ = {
			isa = PBXGroup;
			children = (
				8D1107310486CEB800E47090 /* Info.plist */,
				089C165CFE840E0CC02AAC07 /* InfoPlist.strings */,
				9F9663600C9792750073A070 /* Preferences.nib */,
				29B97318FDCFA39411CA2CEA /* MainMenu.nib */,
			);
			name = Resources;
			sourceTree = "<group>";
		};
		29B97323FDCFA39411CA2CEA /* Frameworks */ = {
			isa = PBXGroup;
			children = (
				1058C7A0FEA54F0111CA2CBB /* Linked Frameworks */,
				1058C7A2FEA54F0111CA2CBB /* Other Frameworks */,
			);
			name = Frameworks;
			sourceTree = "<group>";
		};
		9F58FC360C26484400404F27 /* Products */ = {
			isa = PBXGroup;
			children = (
				9F58FC3A0C26484400404F27 /* SimpleWeather.bundle */,
			);
			name = Products;
			sourceTree = "<group>";
		};
/* End PBXGroup section */

/* Begin PBXNativeTarget section */
		8D1107260486CEB800E47090 /* PictureFrame */ = {
			isa = PBXNativeTarget;
			buildConfigurationList = C01FCF4A08A954540054247B /* Build configuration list for PBXNativeTarget "PictureFrame" */;
			buildPhases = (
				8D1107290486CEB800E47090 /* Resources */,
				8D11072C0486CEB800E47090 /* Sources */,
				8D11072E0486CEB800E47090 /* Frameworks */,
				9F58FC4B0C26C93700404F27 /* CopyFiles */,
			);
			buildRules = (
			);
			dependencies = (
			);
			name = PictureFrame;
			productInstallPath = "$(HOME)/Applications";
			productName = PictureFrame;
			productReference = 8D1107320486CEB800E47090 /* PictureFrame.app */;
			productType = "com.apple.product-type.application";
		};
		9FF608440C25F56F00505A09 /* SimpleWeather */ = {
			isa = PBXNativeTarget;
			buildConfigurationList = 9FF608480C25F57100505A09 /* Build configuration list for PBXNativeTarget "SimpleWeather" */;
			buildPhases = (
				9FF608410C25F56F00505A09 /* Resources */,
				9FF608420C25F56F00505A09 /* Sources */,
				9FF608430C25F56F00505A09 /* Frameworks */,
			);
			buildRules = (
			);
			dependencies = (
			);
			name = SimpleWeather;
			productName = SimpleWeather;
			productReference = 9F0D82620C287B4A00A8685A /* SimpleWeather.bundle */;
			productType = "com.apple.product-type.bundle";
		};
/* End PBXNativeTarget section */

/* Begin PBXProject section */
		29B97313FDCFA39411CA2CEA /* Project object */ = {
			isa = PBXProject;
			buildConfigurationList = C01FCF4E08A954540054247B /* Build configuration list for PBXProject "PictureFrame" */;
			hasScannedForEncodings = 1;
			mainGroup = 29B97314FDCFA39411CA2CEA /* PictureFrame */;
			projectDirPath = "";
			projectReferences = (
				{
					ProductGroup = 9F58FC360C26484400404F27 /* Products */;
					ProjectRef = 9F58FC350C26484400404F27 /* SimpleWeather.xcodeproj */;
				},
			);
			targets = (
				9FF608440C25F56F00505A09 /* SimpleWeather */,
				8D1107260486CEB800E47090 /* PictureFrame */,
			);
		};
/* End PBXProject section */

/* Begin PBXReferenceProxy section */
		9F58FC3A0C26484400404F27 /* SimpleWeather.bundle */ = {
			isa = PBXReferenceProxy;
			fileType = wrapper.cfbundle;
			path = SimpleWeather.bundle;
			remoteRef = 9F58FC390C26484400404F27 /* PBXContainerItemProxy */;
			sourceTree = BUILT_PRODUCTS_DIR;
		};
/* End PBXReferenceProxy section */

/* Begin PBXResourcesBuildPhase section */
		8D1107290486CEB800E47090 /* Resources */ = {
			isa = PBXResourcesBuildPhase;
			buildActionMask = 2147483647;
			files = (
				8D11072A0486CEB800E47090 /* MainMenu.nib in Resources */,
				8D11072B0486CEB800E47090 /* InfoPlist.strings in Resources */,
				9F9663610C9792750073A070 /* Preferences.nib in Resources */,
			);
			runOnlyForDeploymentPostprocessing = 0;
		};
		9FF608410C25F56F00505A09 /* Resources */ = {
			isa = PBXResourcesBuildPhase;
			buildActionMask = 2147483647;
			files = (
			);
			runOnlyForDeploymentPostprocessing = 0;
		};
/* End PBXResourcesBuildPhase section */

/* Begin PBXSourcesBuildPhase section */
		8D11072C0486CEB800E47090 /* Sources */ = {
			isa = PBXSourcesBuildPhase;
			buildActionMask = 2147483647;
			files = (
				8D11072D0486CEB800E47090 /* main.m in Sources */,
				9FC75E050BF59A210018B22C /* PhotoView.m in Sources */,
				9F10EABD0C03F10E00B91883 /* PictureWindow.m in Sources */,
				9F10EAD20C03F28A00B91883 /* PictureFrameController.m in Sources */,
				9FF57BF90C04F9AB009CE88D /* PreferencesController.m in Sources */,
				9F38D27D0C07E593001F4877 /* OverlayView.m in Sources */,
				9FBC43180C0F1494002FB7BB /* ClockView.m in Sources */,
				9FF436BD0D1F6A250074B697 /* PhotoController.m in Sources */,
				9F2CA9C00D52E1E300755BE1 /* DBOverlayWindow.m in Sources */,
				9F2CA9C40D52E1ED00755BE1 /* DBOverlayWindowBkgrnd.m in Sources */,
			);
			runOnlyForDeploymentPostprocessing = 0;
		};
		9FF608420C25F56F00505A09 /* Sources */ = {
			isa = PBXSourcesBuildPhase;
			buildActionMask = 2147483647;
			files = (
			);
			runOnlyForDeploymentPostprocessing = 0;
		};
/* End PBXSourcesBuildPhase section */

/* Begin PBXVariantGroup section */
		089C165CFE840E0CC02AAC07 /* InfoPlist.strings */ = {
			isa = PBXVariantGroup;
			children = (
				089C165DFE840E0CC02AAC07 /* English */,
			);
			name = InfoPlist.strings;
			sourceTree = "<group>";
		};
		29B97318FDCFA39411CA2CEA /* MainMenu.nib */ = {
			isa = PBXVariantGroup;
			children = (
				29B97319FDCFA39411CA2CEA /* English */,
			);
			name = MainMenu.nib;
			sourceTree = "<group>";
		};
		9F9663600C9792750073A070 /* Preferences.nib */ = {
			isa = PBXVariantGroup;
			children = (
				9FF57BF50C04F992009CE88D /* English */,
			);
			name = Preferences.nib;
			sourceTree = "<group>";
		};
/* End PBXVariantGroup section */

/* Begin XCBuildConfiguration section */
		9FF608490C25F57100505A09 /* Debug */ = {
			isa = XCBuildConfiguration;
			buildSettings = {
				COPY_PHASE_STRIP = NO;
				GCC_DYNAMIC_NO_PIC = NO;
				GCC_ENABLE_FIX_AND_CONTINUE = YES;
				GCC_GENERATE_DEBUGGING_SYMBOLS = YES;
				GCC_MODEL_TUNING = G5;
				GCC_OPTIMIZATION_LEVEL = 0;
				GCC_PRECOMPILE_PREFIX_HEADER = YES;
				GCC_PREFIX_HEADER = "$(SYSTEM_LIBRARY_DIR)/Frameworks/Carbon.framework/Headers/Carbon.h";
				INFOPLIST_FILE = "SimpleWeather-Info.plist";
				INSTALL_PATH = "$(HOME)/Library/Bundles";
				OTHER_LDFLAGS = (
					"-framework",
					Carbon,
				);
				PREBINDING = NO;
				PRODUCT_NAME = SimpleWeather;
				WRAPPER_EXTENSION = bundle;
				ZERO_LINK = YES;
			};
			name = Debug;
		};
		9FF6084A0C25F57100505A09 /* Release */ = {
			isa = XCBuildConfiguration;
			buildSettings = {
				COPY_PHASE_STRIP = YES;
				GCC_ENABLE_FIX_AND_CONTINUE = NO;
				GCC_GENERATE_DEBUGGING_SYMBOLS = NO;
				GCC_MODEL_TUNING = G5;
				GCC_PRECOMPILE_PREFIX_HEADER = YES;
				GCC_PREFIX_HEADER = "$(SYSTEM_LIBRARY_DIR)/Frameworks/Carbon.framework/Headers/Carbon.h";
				INFOPLIST_FILE = "SimpleWeather-Info.plist";
				INSTALL_PATH = "$(HOME)/Library/Bundles";
				OTHER_LDFLAGS = (
					"-framework",
					Carbon,
				);
				PREBINDING = NO;
				PRODUCT_NAME = SimpleWeather;
				WRAPPER_EXTENSION = bundle;
				ZERO_LINK = NO;
			};
			name = Release;
		};
		C01FCF4B08A954540054247B /* Debug */ = {
			isa = XCBuildConfiguration;
			buildSettings = {
				COPY_PHASE_STRIP = NO;
				GCC_DYNAMIC_NO_PIC = NO;
				GCC_ENABLE_FIX_AND_CONTINUE = YES;
				GCC_MODEL_TUNING = G5;
				GCC_OPTIMIZATION_LEVEL = 0;
				INFOPLIST_FILE = Info.plist;
				INSTALL_PATH = "$(HOME)/Applications";
				PRODUCT_NAME = PictureFrame;
				WRAPPER_EXTENSION = app;
				ZERO_LINK = YES;
			};
			name = Debug;
		};
		C01FCF4C08A954540054247B /* Release */ = {
			isa = XCBuildConfiguration;
			buildSettings = {
				ARCHS = (
					ppc,
					i386,
				);
				GCC_GENERATE_DEBUGGING_SYMBOLS = NO;
				GCC_MODEL_TUNING = G5;
				INFOPLIST_FILE = Info.plist;
				INSTALL_PATH = "$(HOME)/Applications";
				PRODUCT_NAME = PictureFrame;
				WRAPPER_EXTENSION = app;
			};
			name = Release;
		};
		C01FCF4F08A954540054247B /* Debug */ = {
			isa = XCBuildConfiguration;
			buildSettings = {
				GCC_WARN_ABOUT_RETURN_TYPE = YES;
				GCC_WARN_UNUSED_VARIABLE = YES;
				PREBINDING = NO;
				SDKROOT = /Developer/SDKs/MacOSX10.4u.sdk;
			};
			name = Debug;
		};
		C01FCF5008A954540054247B /* Release */ = {
			isa = XCBuildConfiguration;
			buildSettings = {
				GCC_WARN_ABOUT_RETURN_TYPE = YES;
				GCC_WARN_UNUSED_VARIABLE = YES;
				PREBINDING = NO;
				SDKROOT = /Developer/SDKs/MacOSX10.4u.sdk;
			};
			name = Release;
		};
/* End XCBuildConfiguration section */

/* Begin XCConfigurationList section */
		9FF608480C25F57100505A09 /* Build configuration list for PBXNativeTarget "SimpleWeather" */ = {
			isa = XCConfigurationList;
			buildConfigurations = (
				9FF608490C25F57100505A09 /* Debug */,
				9FF6084A0C25F57100505A09 /* Release */,
			);
			defaultConfigurationIsVisible = 0;
			defaultConfigurationName = Release;
		};
		C01FCF4A08A954540054247B /* Build configuration list for PBXNativeTarget "PictureFrame" */ = {
			isa = XCConfigurationList;
			buildConfigurations = (
				C01FCF4B08A954540054247B /* Debug */,
				C01FCF4C08A954540054247B /* Release */,
			);
			defaultConfigurationIsVisible = 0;
			defaultConfigurationName = Release;
		};
		C01FCF4E08A954540054247B /* Build configuration list for PBXProject "PictureFrame" */ = {
			isa = XCConfigurationList;
			buildConfigurations = (
				C01FCF4F08A954540054247B /* Debug */,
				C01FCF5008A954540054247B /* Release */,
			);
			defaultConfigurationIsVisible = 0;
			defaultConfigurationName = Release;
		};
/* End XCConfigurationList section */
	};
	rootObject = 29B97313FDCFA39411CA2CEA /* Project object */;
}
